// !$*UTF8*$!
{
	archiveVersion = 1;
	classes = {
	};
	objectVersion = 50;
	objects = {

/* Begin PBXBuildFile section */
		04D0042714C8BBBD2CA46190 /* Pods_SouthernSalesUITests.framework in Frameworks */ = {isa = PBXBuildFile; fileRef = 67126D7FD1F5DF16566C4A89 /* Pods_SouthernSalesUITests.framework */; };
		6CCFC2F13AC8E91D35C5DD96 /* Pods_SouthernSales.framework in Frameworks */ = {isa = PBXBuildFile; fileRef = B2087E1FE9AFC73E59F02E05 /* Pods_SouthernSales.framework */; };
		92AB2B2872027AB43E482EBA /* Pods_SouthernSalesTests.framework in Frameworks */ = {isa = PBXBuildFile; fileRef = 741C058D94BD2C6C98FA355B /* Pods_SouthernSalesTests.framework */; };
		EA0D645121992AD40015BEAA /* AppDelegate.swift in Sources */ = {isa = PBXBuildFile; fileRef = EA0D645021992AD40015BEAA /* AppDelegate.swift */; };
		EA0D645321992AD40015BEAA /* FirstViewController.swift in Sources */ = {isa = PBXBuildFile; fileRef = EA0D645221992AD40015BEAA /* FirstViewController.swift */; };
		EA0D645521992AD40015BEAA /* SecondViewController.swift in Sources */ = {isa = PBXBuildFile; fileRef = EA0D645421992AD40015BEAA /* SecondViewController.swift */; };
		EA0D645821992AD40015BEAA /* Main.storyboard in Resources */ = {isa = PBXBuildFile; fileRef = EA0D645621992AD40015BEAA /* Main.storyboard */; };
		EA0D645A21992AD50015BEAA /* Assets.xcassets in Resources */ = {isa = PBXBuildFile; fileRef = EA0D645921992AD50015BEAA /* Assets.xcassets */; };
		EA0D645D21992AD50015BEAA /* LaunchScreen.storyboard in Resources */ = {isa = PBXBuildFile; fileRef = EA0D645B21992AD50015BEAA /* LaunchScreen.storyboard */; };
		EA0D646821992AD50015BEAA /* SouthernSalesTests.swift in Sources */ = {isa = PBXBuildFile; fileRef = EA0D646721992AD50015BEAA /* SouthernSalesTests.swift */; };
		EA0D647321992AD50015BEAA /* SouthernSalesUITests.swift in Sources */ = {isa = PBXBuildFile; fileRef = EA0D647221992AD50015BEAA /* SouthernSalesUITests.swift */; };
/* End PBXBuildFile section */

/* Begin PBXContainerItemProxy section */
		EA0D646421992AD50015BEAA /* PBXContainerItemProxy */ = {
			isa = PBXContainerItemProxy;
			containerPortal = EA0D644521992AD40015BEAA /* Project object */;
			proxyType = 1;
			remoteGlobalIDString = EA0D644C21992AD40015BEAA;
			remoteInfo = SouthernSales;
		};
		EA0D646F21992AD50015BEAA /* PBXContainerItemProxy */ = {
			isa = PBXContainerItemProxy;
			containerPortal = EA0D644521992AD40015BEAA /* Project object */;
			proxyType = 1;
			remoteGlobalIDString = EA0D644C21992AD40015BEAA;
			remoteInfo = SouthernSales;
		};
/* End PBXContainerItemProxy section */

/* Begin PBXFileReference section */
		13875EFEADE166B4458046B5 /* Pods-SouthernSalesTests.debug.xcconfig */ = {isa = PBXFileReference; includeInIndex = 1; lastKnownFileType = text.xcconfig; name = "Pods-SouthernSalesTests.debug.xcconfig"; path = "Pods/Target Support Files/Pods-SouthernSalesTests/Pods-SouthernSalesTests.debug.xcconfig"; sourceTree = "<group>"; };
		39DA0B72819F8B4A82B86E19 /* Pods-SouthernSalesUITests.release.xcconfig */ = {isa = PBXFileReference; includeInIndex = 1; lastKnownFileType = text.xcconfig; name = "Pods-SouthernSalesUITests.release.xcconfig"; path = "Pods/Target Support Files/Pods-SouthernSalesUITests/Pods-SouthernSalesUITests.release.xcconfig"; sourceTree = "<group>"; };
		64513A97D69DA7BEA902A31A /* Pods-SouthernSalesTests.release.xcconfig */ = {isa = PBXFileReference; includeInIndex = 1; lastKnownFileType = text.xcconfig; name = "Pods-SouthernSalesTests.release.xcconfig"; path = "Pods/Target Support Files/Pods-SouthernSalesTests/Pods-SouthernSalesTests.release.xcconfig"; sourceTree = "<group>"; };
		67126D7FD1F5DF16566C4A89 /* Pods_SouthernSalesUITests.framework */ = {isa = PBXFileReference; explicitFileType = wrapper.framework; includeInIndex = 0; path = Pods_SouthernSalesUITests.framework; sourceTree = BUILT_PRODUCTS_DIR; };
		741C058D94BD2C6C98FA355B /* Pods_SouthernSalesTests.framework */ = {isa = PBXFileReference; explicitFileType = wrapper.framework; includeInIndex = 0; path = Pods_SouthernSalesTests.framework; sourceTree = BUILT_PRODUCTS_DIR; };
		9BF3930BD46CA539C3384A0B /* Pods-SouthernSalesUITests.debug.xcconfig */ = {isa = PBXFileReference; includeInIndex = 1; lastKnownFileType = text.xcconfig; name = "Pods-SouthernSalesUITests.debug.xcconfig"; path = "Pods/Target Support Files/Pods-SouthernSalesUITests/Pods-SouthernSalesUITests.debug.xcconfig"; sourceTree = "<group>"; };
		B2087E1FE9AFC73E59F02E05 /* Pods_SouthernSales.framework */ = {isa = PBXFileReference; explicitFileType = wrapper.framework; includeInIndex = 0; path = Pods_SouthernSales.framework; sourceTree = BUILT_PRODUCTS_DIR; };
		B37117B643D9301D3B183F6A /* Pods-SouthernSales.release.xcconfig */ = {isa = PBXFileReference; includeInIndex = 1; lastKnownFileType = text.xcconfig; name = "Pods-SouthernSales.release.xcconfig"; path = "Pods/Target Support Files/Pods-SouthernSales/Pods-SouthernSales.release.xcconfig"; sourceTree = "<group>"; };
		BA2849F645749266004574F5 /* Pods-SouthernSales.debug.xcconfig */ = {isa = PBXFileReference; includeInIndex = 1; lastKnownFileType = text.xcconfig; name = "Pods-SouthernSales.debug.xcconfig"; path = "Pods/Target Support Files/Pods-SouthernSales/Pods-SouthernSales.debug.xcconfig"; sourceTree = "<group>"; };
		EA0D644D21992AD40015BEAA /* SouthernSales.app */ = {isa = PBXFileReference; explicitFileType = wrapper.application; includeInIndex = 0; path = SouthernSales.app; sourceTree = BUILT_PRODUCTS_DIR; };
		EA0D645021992AD40015BEAA /* AppDelegate.swift */ = {isa = PBXFileReference; lastKnownFileType = sourcecode.swift; path = AppDelegate.swift; sourceTree = "<group>"; };
		EA0D645221992AD40015BEAA /* FirstViewController.swift */ = {isa = PBXFileReference; lastKnownFileType = sourcecode.swift; path = FirstViewController.swift; sourceTree = "<group>"; };
		EA0D645421992AD40015BEAA /* SecondViewController.swift */ = {isa = PBXFileReference; lastKnownFileType = sourcecode.swift; path = SecondViewController.swift; sourceTree = "<group>"; };
		EA0D645721992AD40015BEAA /* Base */ = {isa = PBXFileReference; lastKnownFileType = file.storyboard; name = Base; path = Base.lproj/Main.storyboard; sourceTree = "<group>"; };
		EA0D645921992AD50015BEAA /* Assets.xcassets */ = {isa = PBXFileReference; lastKnownFileType = folder.assetcatalog; path = Assets.xcassets; sourceTree = "<group>"; };
		EA0D645C21992AD50015BEAA /* Base */ = {isa = PBXFileReference; lastKnownFileType = file.storyboard; name = Base; path = Base.lproj/LaunchScreen.storyboard; sourceTree = "<group>"; };
		EA0D645E21992AD50015BEAA /* Info.plist */ = {isa = PBXFileReference; lastKnownFileType = text.plist.xml; path = Info.plist; sourceTree = "<group>"; };
		EA0D646321992AD50015BEAA /* SouthernSalesTests.xctest */ = {isa = PBXFileReference; explicitFileType = wrapper.cfbundle; includeInIndex = 0; path = SouthernSalesTests.xctest; sourceTree = BUILT_PRODUCTS_DIR; };
		EA0D646721992AD50015BEAA /* SouthernSalesTests.swift */ = {isa = PBXFileReference; lastKnownFileType = sourcecode.swift; path = SouthernSalesTests.swift; sourceTree = "<group>"; };
		EA0D646921992AD50015BEAA /* Info.plist */ = {isa = PBXFileReference; lastKnownFileType = text.plist.xml; path = Info.plist; sourceTree = "<group>"; };
		EA0D646E21992AD50015BEAA /* SouthernSalesUITests.xctest */ = {isa = PBXFileReference; explicitFileType = wrapper.cfbundle; includeInIndex = 0; path = SouthernSalesUITests.xctest; sourceTree = BUILT_PRODUCTS_DIR; };
		EA0D647221992AD50015BEAA /* SouthernSalesUITests.swift */ = {isa = PBXFileReference; lastKnownFileType = sourcecode.swift; path = SouthernSalesUITests.swift; sourceTree = "<group>"; };
		EA0D647421992AD60015BEAA /* Info.plist */ = {isa = PBXFileReference; lastKnownFileType = text.plist.xml; path = Info.plist; sourceTree = "<group>"; };
/* End PBXFileReference section */

/* Begin PBXFrameworksBuildPhase section */
		EA0D644A21992AD40015BEAA /* Frameworks */ = {
			isa = PBXFrameworksBuildPhase;
			buildActionMask = 2147483647;
			files = (
				6CCFC2F13AC8E91D35C5DD96 /* Pods_SouthernSales.framework in Frameworks */,
			);
			runOnlyForDeploymentPostprocessing = 0;
		};
		EA0D646021992AD50015BEAA /* Frameworks */ = {
			isa = PBXFrameworksBuildPhase;
			buildActionMask = 2147483647;
			files = (
				92AB2B2872027AB43E482EBA /* Pods_SouthernSalesTests.framework in Frameworks */,
			);
			runOnlyForDeploymentPostprocessing = 0;
		};
		EA0D646B21992AD50015BEAA /* Frameworks */ = {
			isa = PBXFrameworksBuildPhase;
			buildActionMask = 2147483647;
			files = (
				04D0042714C8BBBD2CA46190 /* Pods_SouthernSalesUITests.framework in Frameworks */,
			);
			runOnlyForDeploymentPostprocessing = 0;
		};
/* End PBXFrameworksBuildPhase section */

/* Begin PBXGroup section */
		5A3BFF6DBB9EEBD5242B80C3 /* Pods */ = {
			isa = PBXGroup;
			children = (
				BA2849F645749266004574F5 /* Pods-SouthernSales.debug.xcconfig */,
				B37117B643D9301D3B183F6A /* Pods-SouthernSales.release.xcconfig */,
				13875EFEADE166B4458046B5 /* Pods-SouthernSalesTests.debug.xcconfig */,
				64513A97D69DA7BEA902A31A /* Pods-SouthernSalesTests.release.xcconfig */,
				9BF3930BD46CA539C3384A0B /* Pods-SouthernSalesUITests.debug.xcconfig */,
				39DA0B72819F8B4A82B86E19 /* Pods-SouthernSalesUITests.release.xcconfig */,
			);
			name = Pods;
			sourceTree = "<group>";
		};
		EA0D644421992AD40015BEAA = {
			isa = PBXGroup;
			children = (
				EA0D644F21992AD40015BEAA /* SouthernSales */,
				EA0D646621992AD50015BEAA /* SouthernSalesTests */,
				EA0D647121992AD50015BEAA /* SouthernSalesUITests */,
				EA0D644E21992AD40015BEAA /* Products */,
				5A3BFF6DBB9EEBD5242B80C3 /* Pods */,
				FDECBB81C81CC65B86E58590 /* Frameworks */,
			);
			sourceTree = "<group>";
		};
		EA0D644E21992AD40015BEAA /* Products */ = {
			isa = PBXGroup;
			children = (
				EA0D644D21992AD40015BEAA /* SouthernSales.app */,
				EA0D646321992AD50015BEAA /* SouthernSalesTests.xctest */,
				EA0D646E21992AD50015BEAA /* SouthernSalesUITests.xctest */,
			);
			name = Products;
			sourceTree = "<group>";
		};
		EA0D644F21992AD40015BEAA /* SouthernSales */ = {
			isa = PBXGroup;
			children = (
				EA0D648121992B7A0015BEAA /* Supporting Files */,
				EA0D648221992B810015BEAA /* Controllers */,
				EA0D648021992B660015BEAA /* Storyboards */,
			);
			path = SouthernSales;
			sourceTree = "<group>";
		};
		EA0D646621992AD50015BEAA /* SouthernSalesTests */ = {
			isa = PBXGroup;
			children = (
				EA0D646721992AD50015BEAA /* SouthernSalesTests.swift */,
				EA0D646921992AD50015BEAA /* Info.plist */,
			);
			path = SouthernSalesTests;
			sourceTree = "<group>";
		};
		EA0D647121992AD50015BEAA /* SouthernSalesUITests */ = {
			isa = PBXGroup;
			children = (
				EA0D647221992AD50015BEAA /* SouthernSalesUITests.swift */,
				EA0D647421992AD60015BEAA /* Info.plist */,
			);
			path = SouthernSalesUITests;
			sourceTree = "<group>";
		};
		EA0D648021992B660015BEAA /* Storyboards */ = {
			isa = PBXGroup;
			children = (
				EA0D645621992AD40015BEAA /* Main.storyboard */,
				EA0D645B21992AD50015BEAA /* LaunchScreen.storyboard */,
			);
			path = Storyboards;
			sourceTree = "<group>";
		};
		EA0D648121992B7A0015BEAA /* Supporting Files */ = {
			isa = PBXGroup;
			children = (
				EA0D645021992AD40015BEAA /* AppDelegate.swift */,
				EA0D645921992AD50015BEAA /* Assets.xcassets */,
				EA0D645E21992AD50015BEAA /* Info.plist */,
			);
			path = "Supporting Files";
			sourceTree = "<group>";
		};
		EA0D648221992B810015BEAA /* Controllers */ = {
			isa = PBXGroup;
			children = (
				EA0D645221992AD40015BEAA /* FirstViewController.swift */,
				EA0D645421992AD40015BEAA /* SecondViewController.swift */,
			);
			path = Controllers;
			sourceTree = "<group>";
		};
		FDECBB81C81CC65B86E58590 /* Frameworks */ = {
			isa = PBXGroup;
			children = (
				B2087E1FE9AFC73E59F02E05 /* Pods_SouthernSales.framework */,
				741C058D94BD2C6C98FA355B /* Pods_SouthernSalesTests.framework */,
				67126D7FD1F5DF16566C4A89 /* Pods_SouthernSalesUITests.framework */,
			);
			name = Frameworks;
			sourceTree = "<group>";
		};
/* End PBXGroup section */

/* Begin PBXNativeTarget section */
		EA0D644C21992AD40015BEAA /* SouthernSales */ = {
			isa = PBXNativeTarget;
			buildConfigurationList = EA0D647721992AD60015BEAA /* Build configuration list for PBXNativeTarget "SouthernSales" */;
			buildPhases = (
				43285507DDED9853C132089E /* [CP] Check Pods Manifest.lock */,
				EA0D644921992AD40015BEAA /* Sources */,
				EA0D644A21992AD40015BEAA /* Frameworks */,
				EA0D644B21992AD40015BEAA /* Resources */,
				E47248C83D7261BBA51B4046 /* [CP] Embed Pods Frameworks */,
			);
			buildRules = (
			);
			dependencies = (
			);
			name = SouthernSales;
			productName = SouthernSales;
			productReference = EA0D644D21992AD40015BEAA /* SouthernSales.app */;
			productType = "com.apple.product-type.application";
		};
		EA0D646221992AD50015BEAA /* SouthernSalesTests */ = {
			isa = PBXNativeTarget;
			buildConfigurationList = EA0D647A21992AD60015BEAA /* Build configuration list for PBXNativeTarget "SouthernSalesTests" */;
			buildPhases = (
				3DCEB1321F632781CE904849 /* [CP] Check Pods Manifest.lock */,
				EA0D645F21992AD50015BEAA /* Sources */,
				EA0D646021992AD50015BEAA /* Frameworks */,
				EA0D646121992AD50015BEAA /* Resources */,
			);
			buildRules = (
			);
			dependencies = (
				EA0D646521992AD50015BEAA /* PBXTargetDependency */,
			);
			name = SouthernSalesTests;
			productName = SouthernSalesTests;
			productReference = EA0D646321992AD50015BEAA /* SouthernSalesTests.xctest */;
			productType = "com.apple.product-type.bundle.unit-test";
		};
		EA0D646D21992AD50015BEAA /* SouthernSalesUITests */ = {
			isa = PBXNativeTarget;
			buildConfigurationList = EA0D647D21992AD60015BEAA /* Build configuration list for PBXNativeTarget "SouthernSalesUITests" */;
			buildPhases = (
				06582EEE1E93A211C48E17FA /* [CP] Check Pods Manifest.lock */,
				EA0D646A21992AD50015BEAA /* Sources */,
				EA0D646B21992AD50015BEAA /* Frameworks */,
				EA0D646C21992AD50015BEAA /* Resources */,
				D30FC1098C203AF32BBE4BA9 /* [CP] Embed Pods Frameworks */,
			);
			buildRules = (
			);
			dependencies = (
				EA0D647021992AD50015BEAA /* PBXTargetDependency */,
			);
			name = SouthernSalesUITests;
			productName = SouthernSalesUITests;
			productReference = EA0D646E21992AD50015BEAA /* SouthernSalesUITests.xctest */;
			productType = "com.apple.product-type.bundle.ui-testing";
		};
/* End PBXNativeTarget section */

/* Begin PBXProject section */
		EA0D644521992AD40015BEAA /* Project object */ = {
			isa = PBXProject;
			attributes = {
				LastSwiftUpdateCheck = 1010;
				LastUpgradeCheck = 1010;
				ORGANIZATIONNAME = "Thomas Manu";
				TargetAttributes = {
					EA0D644C21992AD40015BEAA = {
						CreatedOnToolsVersion = 10.1;
					};
					EA0D646221992AD50015BEAA = {
						CreatedOnToolsVersion = 10.1;
						TestTargetID = EA0D644C21992AD40015BEAA;
					};
					EA0D646D21992AD50015BEAA = {
						CreatedOnToolsVersion = 10.1;
						TestTargetID = EA0D644C21992AD40015BEAA;
					};
				};
			};
			buildConfigurationList = EA0D644821992AD40015BEAA /* Build configuration list for PBXProject "SouthernSales" */;
			compatibilityVersion = "Xcode 9.3";
			developmentRegion = en;
			hasScannedForEncodings = 0;
			knownRegions = (
				en,
				Base,
			);
			mainGroup = EA0D644421992AD40015BEAA;
			productRefGroup = EA0D644E21992AD40015BEAA /* Products */;
			projectDirPath = "";
			projectRoot = "";
			targets = (
				EA0D644C21992AD40015BEAA /* SouthernSales */,
				EA0D646221992AD50015BEAA /* SouthernSalesTests */,
				EA0D646D21992AD50015BEAA /* SouthernSalesUITests */,
			);
		};
/* End PBXProject section */

/* Begin PBXResourcesBuildPhase section */
		EA0D644B21992AD40015BEAA /* Resources */ = {
			isa = PBXResourcesBuildPhase;
			buildActionMask = 2147483647;
			files = (
				EA0D645D21992AD50015BEAA /* LaunchScreen.storyboard in Resources */,
				EA0D645A21992AD50015BEAA /* Assets.xcassets in Resources */,
				EA0D645821992AD40015BEAA /* Main.storyboard in Resources */,
			);
			runOnlyForDeploymentPostprocessing = 0;
		};
		EA0D646121992AD50015BEAA /* Resources */ = {
			isa = PBXResourcesBuildPhase;
			buildActionMask = 2147483647;
			files = (
			);
			runOnlyForDeploymentPostprocessing = 0;
		};
		EA0D646C21992AD50015BEAA /* Resources */ = {
			isa = PBXResourcesBuildPhase;
			buildActionMask = 2147483647;
			files = (
			);
			runOnlyForDeploymentPostprocessing = 0;
		};
/* End PBXResourcesBuildPhase section */

/* Begin PBXShellScriptBuildPhase section */
		06582EEE1E93A211C48E17FA /* [CP] Check Pods Manifest.lock */ = {
			isa = PBXShellScriptBuildPhase;
			buildActionMask = 2147483647;
			files = (
			);
			inputPaths = (
				"${PODS_PODFILE_DIR_PATH}/Podfile.lock",
				"${PODS_ROOT}/Manifest.lock",
			);
			name = "[CP] Check Pods Manifest.lock";
			outputPaths = (
				"$(DERIVED_FILE_DIR)/Pods-SouthernSalesUITests-checkManifestLockResult.txt",
			);
			runOnlyForDeploymentPostprocessing = 0;
			shellPath = /bin/sh;
			shellScript = "diff \"${PODS_PODFILE_DIR_PATH}/Podfile.lock\" \"${PODS_ROOT}/Manifest.lock\" > /dev/null\nif [ $? != 0 ] ; then\n    # print error to STDERR\n    echo \"error: The sandbox is not in sync with the Podfile.lock. Run 'pod install' or update your CocoaPods installation.\" >&2\n    exit 1\nfi\n# This output is used by Xcode 'outputs' to avoid re-running this script phase.\necho \"SUCCESS\" > \"${SCRIPT_OUTPUT_FILE_0}\"\n";
			showEnvVarsInLog = 0;
		};
		3DCEB1321F632781CE904849 /* [CP] Check Pods Manifest.lock */ = {
			isa = PBXShellScriptBuildPhase;
			buildActionMask = 2147483647;
			files = (
			);
			inputPaths = (
				"${PODS_PODFILE_DIR_PATH}/Podfile.lock",
				"${PODS_ROOT}/Manifest.lock",
			);
			name = "[CP] Check Pods Manifest.lock";
			outputPaths = (
				"$(DERIVED_FILE_DIR)/Pods-SouthernSalesTests-checkManifestLockResult.txt",
			);
			runOnlyForDeploymentPostprocessing = 0;
			shellPath = /bin/sh;
			shellScript = "diff \"${PODS_PODFILE_DIR_PATH}/Podfile.lock\" \"${PODS_ROOT}/Manifest.lock\" > /dev/null\nif [ $? != 0 ] ; then\n    # print error to STDERR\n    echo \"error: The sandbox is not in sync with the Podfile.lock. Run 'pod install' or update your CocoaPods installation.\" >&2\n    exit 1\nfi\n# This output is used by Xcode 'outputs' to avoid re-running this script phase.\necho \"SUCCESS\" > \"${SCRIPT_OUTPUT_FILE_0}\"\n";
			showEnvVarsInLog = 0;
		};
		43285507DDED9853C132089E /* [CP] Check Pods Manifest.lock */ = {
			isa = PBXShellScriptBuildPhase;
			buildActionMask = 2147483647;
			files = (
			);
			inputPaths = (
				"${PODS_PODFILE_DIR_PATH}/Podfile.lock",
				"${PODS_ROOT}/Manifest.lock",
			);
			name = "[CP] Check Pods Manifest.lock";
			outputPaths = (
				"$(DERIVED_FILE_DIR)/Pods-SouthernSales-checkManifestLockResult.txt",
			);
			runOnlyForDeploymentPostprocessing = 0;
			shellPath = /bin/sh;
			shellScript = "diff \"${PODS_PODFILE_DIR_PATH}/Podfile.lock\" \"${PODS_ROOT}/Manifest.lock\" > /dev/null\nif [ $? != 0 ] ; then\n    # print error to STDERR\n    echo \"error: The sandbox is not in sync with the Podfile.lock. Run 'pod install' or update your CocoaPods installation.\" >&2\n    exit 1\nfi\n# This output is used by Xcode 'outputs' to avoid re-running this script phase.\necho \"SUCCESS\" > \"${SCRIPT_OUTPUT_FILE_0}\"\n";
			showEnvVarsInLog = 0;
		};
		D30FC1098C203AF32BBE4BA9 /* [CP] Embed Pods Frameworks */ = {
			isa = PBXShellScriptBuildPhase;
			buildActionMask = 2147483647;
			files = (
			);
			inputPaths = (
				"${SRCROOT}/Pods/Target Support Files/Pods-SouthernSalesUITests/Pods-SouthernSalesUITests-frameworks.sh",
				"${BUILT_PRODUCTS_DIR}/SwiftMonkey/SwiftMonkey.framework",
			);
			name = "[CP] Embed Pods Frameworks";
			outputPaths = (
				"${TARGET_BUILD_DIR}/${FRAMEWORKS_FOLDER_PATH}/SwiftMonkey.framework",
			);
			runOnlyForDeploymentPostprocessing = 0;
			shellPath = /bin/sh;
			shellScript = "\"${SRCROOT}/Pods/Target Support Files/Pods-SouthernSalesUITests/Pods-SouthernSalesUITests-frameworks.sh\"\n";
			showEnvVarsInLog = 0;
		};
		E47248C83D7261BBA51B4046 /* [CP] Embed Pods Frameworks */ = {
			isa = PBXShellScriptBuildPhase;
			buildActionMask = 2147483647;
			files = (
			);
			inputPaths = (
				"${SRCROOT}/Pods/Target Support Files/Pods-SouthernSales/Pods-SouthernSales-frameworks.sh",
				"${BUILT_PRODUCTS_DIR}/Alamofire/Alamofire.framework",
				"${BUILT_PRODUCTS_DIR}/CocoaLumberjack/CocoaLumberjack.framework",
				"${BUILT_PRODUCTS_DIR}/Eureka/Eureka.framework",
				"${BUILT_PRODUCTS_DIR}/GTMSessionFetcher/GTMSessionFetcher.framework",
				"${BUILT_PRODUCTS_DIR}/GoogleToolboxForMac/GoogleToolboxForMac.framework",
				"${BUILT_PRODUCTS_DIR}/IQKeyboardManagerSwift/IQKeyboardManagerSwift.framework",
				"${BUILT_PRODUCTS_DIR}/ImageSlideshow/ImageSlideshow.framework",
				"${BUILT_PRODUCTS_DIR}/MessageKit/MessageKit.framework",
				"${BUILT_PRODUCTS_DIR}/NVActivityIndicatorView/NVActivityIndicatorView.framework",
				"${BUILT_PRODUCTS_DIR}/Onboard/Onboard.framework",
				"${BUILT_PRODUCTS_DIR}/Protobuf/Protobuf.framework",
				"${BUILT_PRODUCTS_DIR}/SDWebImage/SDWebImage.framework",
				"${BUILT_PRODUCTS_DIR}/SnapKit/SnapKit.framework",
				"${BUILT_PRODUCTS_DIR}/SwiftyJSON/SwiftyJSON.framework",
				"${BUILT_PRODUCTS_DIR}/leveldb-library/leveldb.framework",
				"${BUILT_PRODUCTS_DIR}/nanopb/nanopb.framework",
			);
			name = "[CP] Embed Pods Frameworks";
			outputPaths = (
				"${TARGET_BUILD_DIR}/${FRAMEWORKS_FOLDER_PATH}/Alamofire.framework",
				"${TARGET_BUILD_DIR}/${FRAMEWORKS_FOLDER_PATH}/CocoaLumberjack.framework",
				"${TARGET_BUILD_DIR}/${FRAMEWORKS_FOLDER_PATH}/Eureka.framework",
				"${TARGET_BUILD_DIR}/${FRAMEWORKS_FOLDER_PATH}/GTMSessionFetcher.framework",
				"${TARGET_BUILD_DIR}/${FRAMEWORKS_FOLDER_PATH}/GoogleToolboxForMac.framework",
				"${TARGET_BUILD_DIR}/${FRAMEWORKS_FOLDER_PATH}/IQKeyboardManagerSwift.framework",
				"${TARGET_BUILD_DIR}/${FRAMEWORKS_FOLDER_PATH}/ImageSlideshow.framework",
				"${TARGET_BUILD_DIR}/${FRAMEWORKS_FOLDER_PATH}/MessageKit.framework",
				"${TARGET_BUILD_DIR}/${FRAMEWORKS_FOLDER_PATH}/NVActivityIndicatorView.framework",
				"${TARGET_BUILD_DIR}/${FRAMEWORKS_FOLDER_PATH}/Onboard.framework",
				"${TARGET_BUILD_DIR}/${FRAMEWORKS_FOLDER_PATH}/Protobuf.framework",
				"${TARGET_BUILD_DIR}/${FRAMEWORKS_FOLDER_PATH}/SDWebImage.framework",
				"${TARGET_BUILD_DIR}/${FRAMEWORKS_FOLDER_PATH}/SnapKit.framework",
				"${TARGET_BUILD_DIR}/${FRAMEWORKS_FOLDER_PATH}/SwiftyJSON.framework",
				"${TARGET_BUILD_DIR}/${FRAMEWORKS_FOLDER_PATH}/leveldb.framework",
				"${TARGET_BUILD_DIR}/${FRAMEWORKS_FOLDER_PATH}/nanopb.framework",
			);
			runOnlyForDeploymentPostprocessing = 0;
			shellPath = /bin/sh;
			shellScript = "\"${SRCROOT}/Pods/Target Support Files/Pods-SouthernSales/Pods-SouthernSales-frameworks.sh\"\n";
			showEnvVarsInLog = 0;
		};
/* End PBXShellScriptBuildPhase section */

/* Begin PBXSourcesBuildPhase section */
		EA0D644921992AD40015BEAA /* Sources */ = {
			isa = PBXSourcesBuildPhase;
			buildActionMask = 2147483647;
			files = (
				EA0D645521992AD40015BEAA /* SecondViewController.swift in Sources */,
				EA0D645121992AD40015BEAA /* AppDelegate.swift in Sources */,
				EA0D645321992AD40015BEAA /* FirstViewController.swift in Sources */,
			);
			runOnlyForDeploymentPostprocessing = 0;
		};
		EA0D645F21992AD50015BEAA /* Sources */ = {
			isa = PBXSourcesBuildPhase;
			buildActionMask = 2147483647;
			files = (
				EA0D646821992AD50015BEAA /* SouthernSalesTests.swift in Sources */,
			);
			runOnlyForDeploymentPostprocessing = 0;
		};
		EA0D646A21992AD50015BEAA /* Sources */ = {
			isa = PBXSourcesBuildPhase;
			buildActionMask = 2147483647;
			files = (
				EA0D647321992AD50015BEAA /* SouthernSalesUITests.swift in Sources */,
			);
			runOnlyForDeploymentPostprocessing = 0;
		};
/* End PBXSourcesBuildPhase section */

/* Begin PBXTargetDependency section */
		EA0D646521992AD50015BEAA /* PBXTargetDependency */ = {
			isa = PBXTargetDependency;
			target = EA0D644C21992AD40015BEAA /* SouthernSales */;
			targetProxy = EA0D646421992AD50015BEAA /* PBXContainerItemProxy */;
		};
		EA0D647021992AD50015BEAA /* PBXTargetDependency */ = {
			isa = PBXTargetDependency;
			target = EA0D644C21992AD40015BEAA /* SouthernSales */;
			targetProxy = EA0D646F21992AD50015BEAA /* PBXContainerItemProxy */;
		};
/* End PBXTargetDependency section */

/* Begin PBXVariantGroup section */
		EA0D645621992AD40015BEAA /* Main.storyboard */ = {
			isa = PBXVariantGroup;
			children = (
				EA0D645721992AD40015BEAA /* Base */,
			);
			name = Main.storyboard;
			sourceTree = "<group>";
		};
		EA0D645B21992AD50015BEAA /* LaunchScreen.storyboard */ = {
			isa = PBXVariantGroup;
			children = (
				EA0D645C21992AD50015BEAA /* Base */,
			);
			name = LaunchScreen.storyboard;
			sourceTree = "<group>";
		};
/* End PBXVariantGroup section */

/* Begin XCBuildConfiguration section */
		EA0D647521992AD60015BEAA /* Debug */ = {
			isa = XCBuildConfiguration;
			buildSettings = {
				ALWAYS_SEARCH_USER_PATHS = NO;
				CLANG_ANALYZER_NONNULL = YES;
				CLANG_ANALYZER_NUMBER_OBJECT_CONVERSION = YES_AGGRESSIVE;
				CLANG_CXX_LANGUAGE_STANDARD = "gnu++14";
				CLANG_CXX_LIBRARY = "libc++";
				CLANG_ENABLE_MODULES = YES;
				CLANG_ENABLE_OBJC_ARC = YES;
				CLANG_ENABLE_OBJC_WEAK = YES;
				CLANG_WARN_BLOCK_CAPTURE_AUTORELEASING = YES;
				CLANG_WARN_BOOL_CONVERSION = YES;
				CLANG_WARN_COMMA = YES;
				CLANG_WARN_CONSTANT_CONVERSION = YES;
				CLANG_WARN_DEPRECATED_OBJC_IMPLEMENTATIONS = YES;
				CLANG_WARN_DIRECT_OBJC_ISA_USAGE = YES_ERROR;
				CLANG_WARN_DOCUMENTATION_COMMENTS = YES;
				CLANG_WARN_EMPTY_BODY = YES;
				CLANG_WARN_ENUM_CONVERSION = YES;
				CLANG_WARN_INFINITE_RECURSION = YES;
				CLANG_WARN_INT_CONVERSION = YES;
				CLANG_WARN_NON_LITERAL_NULL_CONVERSION = YES;
				CLANG_WARN_OBJC_IMPLICIT_RETAIN_SELF = YES;
				CLANG_WARN_OBJC_LITERAL_CONVERSION = YES;
				CLANG_WARN_OBJC_ROOT_CLASS = YES_ERROR;
				CLANG_WARN_RANGE_LOOP_ANALYSIS = YES;
				CLANG_WARN_STRICT_PROTOTYPES = YES;
				CLANG_WARN_SUSPICIOUS_MOVE = YES;
				CLANG_WARN_UNGUARDED_AVAILABILITY = YES_AGGRESSIVE;
				CLANG_WARN_UNREACHABLE_CODE = YES;
				CLANG_WARN__DUPLICATE_METHOD_MATCH = YES;
				CODE_SIGN_IDENTITY = "iPhone Developer";
				COPY_PHASE_STRIP = NO;
				DEBUG_INFORMATION_FORMAT = dwarf;
				ENABLE_STRICT_OBJC_MSGSEND = YES;
				ENABLE_TESTABILITY = YES;
				GCC_C_LANGUAGE_STANDARD = gnu11;
				GCC_DYNAMIC_NO_PIC = NO;
				GCC_NO_COMMON_BLOCKS = YES;
				GCC_OPTIMIZATION_LEVEL = 0;
				GCC_PREPROCESSOR_DEFINITIONS = (
					"DEBUG=1",
					"$(inherited)",
				);
				GCC_WARN_64_TO_32_BIT_CONVERSION = YES;
				GCC_WARN_ABOUT_RETURN_TYPE = YES_ERROR;
				GCC_WARN_UNDECLARED_SELECTOR = YES;
				GCC_WARN_UNINITIALIZED_AUTOS = YES_AGGRESSIVE;
				GCC_WARN_UNUSED_FUNCTION = YES;
				GCC_WARN_UNUSED_VARIABLE = YES;
				IPHONEOS_DEPLOYMENT_TARGET = 12.1;
				MTL_ENABLE_DEBUG_INFO = INCLUDE_SOURCE;
				MTL_FAST_MATH = YES;
				ONLY_ACTIVE_ARCH = YES;
				SDKROOT = iphoneos;
				SWIFT_ACTIVE_COMPILATION_CONDITIONS = DEBUG;
				SWIFT_OPTIMIZATION_LEVEL = "-Onone";
			};
			name = Debug;
		};
		EA0D647621992AD60015BEAA /* Release */ = {
			isa = XCBuildConfiguration;
			buildSettings = {
				ALWAYS_SEARCH_USER_PATHS = NO;
				CLANG_ANALYZER_NONNULL = YES;
				CLANG_ANALYZER_NUMBER_OBJECT_CONVERSION = YES_AGGRESSIVE;
				CLANG_CXX_LANGUAGE_STANDARD = "gnu++14";
				CLANG_CXX_LIBRARY = "libc++";
				CLANG_ENABLE_MODULES = YES;
				CLANG_ENABLE_OBJC_ARC = YES;
				CLANG_ENABLE_OBJC_WEAK = YES;
				CLANG_WARN_BLOCK_CAPTURE_AUTORELEASING = YES;
				CLANG_WARN_BOOL_CONVERSION = YES;
				CLANG_WARN_COMMA = YES;
				CLANG_WARN_CONSTANT_CONVERSION = YES;
				CLANG_WARN_DEPRECATED_OBJC_IMPLEMENTATIONS = YES;
				CLANG_WARN_DIRECT_OBJC_ISA_USAGE = YES_ERROR;
				CLANG_WARN_DOCUMENTATION_COMMENTS = YES;
				CLANG_WARN_EMPTY_BODY = YES;
				CLANG_WARN_ENUM_CONVERSION = YES;
				CLANG_WARN_INFINITE_RECURSION = YES;
				CLANG_WARN_INT_CONVERSION = YES;
				CLANG_WARN_NON_LITERAL_NULL_CONVERSION = YES;
				CLANG_WARN_OBJC_IMPLICIT_RETAIN_SELF = YES;
				CLANG_WARN_OBJC_LITERAL_CONVERSION = YES;
				CLANG_WARN_OBJC_ROOT_CLASS = YES_ERROR;
				CLANG_WARN_RANGE_LOOP_ANALYSIS = YES;
				CLANG_WARN_STRICT_PROTOTYPES = YES;
				CLANG_WARN_SUSPICIOUS_MOVE = YES;
				CLANG_WARN_UNGUARDED_AVAILABILITY = YES_AGGRESSIVE;
				CLANG_WARN_UNREACHABLE_CODE = YES;
				CLANG_WARN__DUPLICATE_METHOD_MATCH = YES;
				CODE_SIGN_IDENTITY = "iPhone Developer";
				COPY_PHASE_STRIP = NO;
				DEBUG_INFORMATION_FORMAT = "dwarf-with-dsym";
				ENABLE_NS_ASSERTIONS = NO;
				ENABLE_STRICT_OBJC_MSGSEND = YES;
				GCC_C_LANGUAGE_STANDARD = gnu11;
				GCC_NO_COMMON_BLOCKS = YES;
				GCC_WARN_64_TO_32_BIT_CONVERSION = YES;
				GCC_WARN_ABOUT_RETURN_TYPE = YES_ERROR;
				GCC_WARN_UNDECLARED_SELECTOR = YES;
				GCC_WARN_UNINITIALIZED_AUTOS = YES_AGGRESSIVE;
				GCC_WARN_UNUSED_FUNCTION = YES;
				GCC_WARN_UNUSED_VARIABLE = YES;
				IPHONEOS_DEPLOYMENT_TARGET = 12.1;
				MTL_ENABLE_DEBUG_INFO = NO;
				MTL_FAST_MATH = YES;
				SDKROOT = iphoneos;
				SWIFT_COMPILATION_MODE = wholemodule;
				SWIFT_OPTIMIZATION_LEVEL = "-O";
				VALIDATE_PRODUCT = YES;
			};
			name = Release;
		};
		EA0D647821992AD60015BEAA /* Debug */ = {
			isa = XCBuildConfiguration;
			baseConfigurationReference = BA2849F645749266004574F5 /* Pods-SouthernSales.debug.xcconfig */;
			buildSettings = {
				ASSETCATALOG_COMPILER_APPICON_NAME = AppIcon;
				CODE_SIGN_STYLE = Automatic;
				DEVELOPMENT_TEAM = 7HLV4SJH4C;
				INFOPLIST_FILE = "$(SRCROOT)/SouthernSales/Supporting Files/Info.plist";
				IPHONEOS_DEPLOYMENT_TARGET = 10.0;
				LD_RUNPATH_SEARCH_PATHS = (
					"$(inherited)",
					"@executable_path/Frameworks",
				);
				PRODUCT_BUNDLE_IDENTIFIER = com.ThomasManu.SeniorProject.SouthernSales;
				PRODUCT_NAME = "$(TARGET_NAME)";
				SWIFT_ENABLE_BATCH_MODE = No;
				SWIFT_VERSION = 4.0;
				TARGETED_DEVICE_FAMILY = 1;
			};
			name = Debug;
		};
		EA0D647921992AD60015BEAA /* Release */ = {
			isa = XCBuildConfiguration;
			baseConfigurationReference = B37117B643D9301D3B183F6A /* Pods-SouthernSales.release.xcconfig */;
			buildSettings = {
				ASSETCATALOG_COMPILER_APPICON_NAME = AppIcon;
				CODE_SIGN_STYLE = Automatic;
				DEVELOPMENT_TEAM = 7HLV4SJH4C;
				INFOPLIST_FILE = "$(SRCROOT)/SouthernSales/Supporting Files/Info.plist";
				IPHONEOS_DEPLOYMENT_TARGET = 10.0;
				LD_RUNPATH_SEARCH_PATHS = (
					"$(inherited)",
					"@executable_path/Frameworks",
				);
				PRODUCT_BUNDLE_IDENTIFIER = com.ThomasManu.SeniorProject.SouthernSales;
				PRODUCT_NAME = "$(TARGET_NAME)";
				SWIFT_ENABLE_BATCH_MODE = No;
				SWIFT_VERSION = 4.0;
				TARGETED_DEVICE_FAMILY = 1;
			};
			name = Release;
		};
		EA0D647B21992AD60015BEAA /* Debug */ = {
			isa = XCBuildConfiguration;
			baseConfigurationReference = 13875EFEADE166B4458046B5 /* Pods-SouthernSalesTests.debug.xcconfig */;
			buildSettings = {
				ALWAYS_EMBED_SWIFT_STANDARD_LIBRARIES = YES;
				BUNDLE_LOADER = "$(TEST_HOST)";
				CODE_SIGN_STYLE = Automatic;
				DEVELOPMENT_TEAM = 7HLV4SJH4C;
				INFOPLIST_FILE = SouthernSalesTests/Info.plist;
				LD_RUNPATH_SEARCH_PATHS = (
					"$(inherited)",
					"@executable_path/Frameworks",
					"@loader_path/Frameworks",
				);
				PRODUCT_BUNDLE_IDENTIFIER = com.ThomasManu.SeniorProject.SouthernSalesTests;
				PRODUCT_NAME = "$(TARGET_NAME)";
				SWIFT_VERSION = 4.0;
				TARGETED_DEVICE_FAMILY = "1,2";
				TEST_HOST = "$(BUILT_PRODUCTS_DIR)/SouthernSales.app/SouthernSales";
			};
			name = Debug;
		};
		EA0D647C21992AD60015BEAA /* Release */ = {
			isa = XCBuildConfiguration;
			baseConfigurationReference = 64513A97D69DA7BEA902A31A /* Pods-SouthernSalesTests.release.xcconfig */;
			buildSettings = {
				ALWAYS_EMBED_SWIFT_STANDARD_LIBRARIES = YES;
				BUNDLE_LOADER = "$(TEST_HOST)";
				CODE_SIGN_STYLE = Automatic;
				DEVELOPMENT_TEAM = 7HLV4SJH4C;
				INFOPLIST_FILE = SouthernSalesTests/Info.plist;
				LD_RUNPATH_SEARCH_PATHS = (
					"$(inherited)",
					"@executable_path/Frameworks",
					"@loader_path/Frameworks",
				);
				PRODUCT_BUNDLE_IDENTIFIER = com.ThomasManu.SeniorProject.SouthernSalesTests;
				PRODUCT_NAME = "$(TARGET_NAME)";
				SWIFT_VERSION = 4.0;
				TARGETED_DEVICE_FAMILY = "1,2";
				TEST_HOST = "$(BUILT_PRODUCTS_DIR)/SouthernSales.app/SouthernSales";
			};
			name = Release;
		};
		EA0D647E21992AD60015BEAA /* Debug */ = {
			isa = XCBuildConfiguration;
			baseConfigurationReference = 9BF3930BD46CA539C3384A0B /* Pods-SouthernSalesUITests.debug.xcconfig */;
			buildSettings = {
				ALWAYS_EMBED_SWIFT_STANDARD_LIBRARIES = YES;
				CODE_SIGN_STYLE = Automatic;
				DEVELOPMENT_TEAM = 7HLV4SJH4C;
				INFOPLIST_FILE = SouthernSalesUITests/Info.plist;
				LD_RUNPATH_SEARCH_PATHS = (
					"$(inherited)",
					"@executable_path/Frameworks",
					"@loader_path/Frameworks",
				);
				PRODUCT_BUNDLE_IDENTIFIER = com.ThomasManu.SeniorProject.SouthernSalesUITests;
				PRODUCT_NAME = "$(TARGET_NAME)";
				SWIFT_VERSION = 4.0;
				TARGETED_DEVICE_FAMILY = "1,2";
				TEST_TARGET_NAME = SouthernSales;
			};
			name = Debug;
		};
		EA0D647F21992AD60015BEAA /* Release */ = {
			isa = XCBuildConfiguration;
			baseConfigurationReference = 39DA0B72819F8B4A82B86E19 /* Pods-SouthernSalesUITests.release.xcconfig */;
			buildSettings = {
				ALWAYS_EMBED_SWIFT_STANDARD_LIBRARIES = YES;
				CODE_SIGN_STYLE = Automatic;
				DEVELOPMENT_TEAM = 7HLV4SJH4C;
				INFOPLIST_FILE = SouthernSalesUITests/Info.plist;
				LD_RUNPATH_SEARCH_PATHS = (
					"$(inherited)",
					"@executable_path/Frameworks",
					"@loader_path/Frameworks",
				);
				PRODUCT_BUNDLE_IDENTIFIER = com.ThomasManu.SeniorProject.SouthernSalesUITests;
				PRODUCT_NAME = "$(TARGET_NAME)";
				SWIFT_VERSION = 4.0;
				TARGETED_DEVICE_FAMILY = "1,2";
				TEST_TARGET_NAME = SouthernSales;
			};
			name = Release;
		};
/* End XCBuildConfiguration section */

/* Begin XCConfigurationList section */
		EA0D644821992AD40015BEAA /* Build configuration list for PBXProject "SouthernSales" */ = {
			isa = XCConfigurationList;
			buildConfigurations = (
				EA0D647521992AD60015BEAA /* Debug */,
				EA0D647621992AD60015BEAA /* Release */,
			);
			defaultConfigurationIsVisible = 0;
			defaultConfigurationName = Release;
		};
		EA0D647721992AD60015BEAA /* Build configuration list for PBXNativeTarget "SouthernSales" */ = {
			isa = XCConfigurationList;
			buildConfigurations = (
				EA0D647821992AD60015BEAA /* Debug */,
				EA0D647921992AD60015BEAA /* Release */,
			);
			defaultConfigurationIsVisible = 0;
			defaultConfigurationName = Release;
		};
		EA0D647A21992AD60015BEAA /* Build configuration list for PBXNativeTarget "SouthernSalesTests" */ = {
			isa = XCConfigurationList;
			buildConfigurations = (
				EA0D647B21992AD60015BEAA /* Debug */,
				EA0D647C21992AD60015BEAA /* Release */,
			);
			defaultConfigurationIsVisible = 0;
			defaultConfigurationName = Release;
		};
		EA0D647D21992AD60015BEAA /* Build configuration list for PBXNativeTarget "SouthernSalesUITests" */ = {
			isa = XCConfigurationList;
			buildConfigurations = (
				EA0D647E21992AD60015BEAA /* Debug */,
				EA0D647F21992AD60015BEAA /* Release */,
			);
			defaultConfigurationIsVisible = 0;
			defaultConfigurationName = Release;
		};
/* End XCConfigurationList section */
	};
	rootObject = EA0D644521992AD40015BEAA /* Project object */;
}
