// !$*UTF8*$!
{
	archiveVersion = 1;
	classes = {
	};
	objectVersion = 50;
	objects = {

/* Begin PBXBuildFile section */
		0B0E525E6B734CCA7ED68EB1 /* Pods_SouthernSales.framework in Frameworks */ = {isa = PBXBuildFile; fileRef = BCC458B193AFA633321D92CD /* Pods_SouthernSales.framework */; };
		5B6F46D524180A1375061386 /* Pods_SouthernSales_SouthernSalesUITests.framework in Frameworks */ = {isa = PBXBuildFile; fileRef = 7FF451D5DD13F23E00A16DD8 /* Pods_SouthernSales_SouthernSalesUITests.framework */; };
		DB6A046A602F7BB90DA852BD /* Pods_SouthernSales_SouthernSalesTests.framework in Frameworks */ = {isa = PBXBuildFile; fileRef = 54C44FE8FE81FF70D3A7EDF1 /* Pods_SouthernSales_SouthernSalesTests.framework */; };
		E4CA074FB7A2B6777FE91CF0 /* Pods_SouthernSalesTests.framework in Frameworks */ = {isa = PBXBuildFile; fileRef = 9D50989635B928C27393BF76 /* Pods_SouthernSalesTests.framework */; };
		EA0D645121992AD40015BEAA /* AppDelegate.swift in Sources */ = {isa = PBXBuildFile; fileRef = EA0D645021992AD40015BEAA /* AppDelegate.swift */; };
		EA0D645821992AD40015BEAA /* Main.storyboard in Resources */ = {isa = PBXBuildFile; fileRef = EA0D645621992AD40015BEAA /* Main.storyboard */; };
		EA0D645A21992AD50015BEAA /* Assets.xcassets in Resources */ = {isa = PBXBuildFile; fileRef = EA0D645921992AD50015BEAA /* Assets.xcassets */; };
		EA0D645D21992AD50015BEAA /* LaunchScreen.storyboard in Resources */ = {isa = PBXBuildFile; fileRef = EA0D645B21992AD50015BEAA /* LaunchScreen.storyboard */; };
		EA0D646821992AD50015BEAA /* SouthernSalesTests.swift in Sources */ = {isa = PBXBuildFile; fileRef = EA0D646721992AD50015BEAA /* SouthernSalesTests.swift */; };
		EA0D647321992AD50015BEAA /* SouthernSalesUITests.swift in Sources */ = {isa = PBXBuildFile; fileRef = EA0D647221992AD50015BEAA /* SouthernSalesUITests.swift */; };
		EA19193E21A1AF2B0053C68E /* GoogleService-Info.plist in Resources */ = {isa = PBXBuildFile; fileRef = EA19193D21A1AF2B0053C68E /* GoogleService-Info.plist */; };
		EA19194421A1E3140053C68E /* ListingsCollectionViewCell.swift in Sources */ = {isa = PBXBuildFile; fileRef = EA19194221A1E3130053C68E /* ListingsCollectionViewCell.swift */; };
		EA19194521A1E3140053C68E /* ListingsCollectionViewCell.xib in Resources */ = {isa = PBXBuildFile; fileRef = EA19194321A1E3130053C68E /* ListingsCollectionViewCell.xib */; };
		EA19194B21A1FD8A0053C68E /* PostViewController.swift in Sources */ = {isa = PBXBuildFile; fileRef = EA19194A21A1FD8A0053C68E /* PostViewController.swift */; };
		EA19194D21A200B40053C68E /* Utility.swift in Sources */ = {isa = PBXBuildFile; fileRef = EA19194C21A200B40053C68E /* Utility.swift */; };
		EA19195221A268360053C68E /* User.swift in Sources */ = {isa = PBXBuildFile; fileRef = EA19195121A268360053C68E /* User.swift */; };
		EA1B6C48224D228E00C79AD3 /* credits.md in Resources */ = {isa = PBXBuildFile; fileRef = EA1B6C47224D228E00C79AD3 /* credits.md */; };
		EA2017F3223F408300C841C0 /* SignInViewController.swift in Sources */ = {isa = PBXBuildFile; fileRef = EA2017F2223F408300C841C0 /* SignInViewController.swift */; };
		EA22A666221B3C930072259B /* Listing.swift in Sources */ = {isa = PBXBuildFile; fileRef = EA22A665221B3C930072259B /* Listing.swift */; };
		EA306B3121C7235E00E3A1E4 /* SplashViewController.swift in Sources */ = {isa = PBXBuildFile; fileRef = EA306B3021C7235E00E3A1E4 /* SplashViewController.swift */; };
		EA3DAF1022235C15009CBFB1 /* OnboardingViewController.swift in Sources */ = {isa = PBXBuildFile; fileRef = EA3DAF0F22235C15009CBFB1 /* OnboardingViewController.swift */; };
		EA7A68592199EAF70026C7DE /* SavedCollectionViewController.swift in Sources */ = {isa = PBXBuildFile; fileRef = EA7A68582199EAF70026C7DE /* SavedCollectionViewController.swift */; };
		EA7A685B2199EB050026C7DE /* MessagesTableViewController.swift in Sources */ = {isa = PBXBuildFile; fileRef = EA7A685A2199EB050026C7DE /* MessagesTableViewController.swift */; };
		EA7A685D2199EB130026C7DE /* ProfileViewController.swift in Sources */ = {isa = PBXBuildFile; fileRef = EA7A685C2199EB130026C7DE /* ProfileViewController.swift */; };
		EA7A6860219A0AFF0026C7DE /* ListingsViewController.swift in Sources */ = {isa = PBXBuildFile; fileRef = EA7A685F219A0AFF0026C7DE /* ListingsViewController.swift */; };
		EAC05CAF21F6C1DB00F91634 /* Messages.storyboard in Resources */ = {isa = PBXBuildFile; fileRef = EAC05CAE21F6C1DB00F91634 /* Messages.storyboard */; };
		EAC05CB121F6C23000F91634 /* ViewListingViewController.swift in Sources */ = {isa = PBXBuildFile; fileRef = EAC05CB021F6C23000F91634 /* ViewListingViewController.swift */; };
		EAC05CB321F6C38B00F91634 /* Constants.swift in Sources */ = {isa = PBXBuildFile; fileRef = EAC05CB221F6C38B00F91634 /* Constants.swift */; };
		EAD0D2E622516D6300D648B0 /* MarkdownViewController.swift in Sources */ = {isa = PBXBuildFile; fileRef = EAD0D2E522516D6300D648B0 /* MarkdownViewController.swift */; };
		EADA9C5E21A8890600826C28 /* SettingsTableViewController.swift in Sources */ = {isa = PBXBuildFile; fileRef = EADA9C5D21A8890600826C28 /* SettingsTableViewController.swift */; };
		EAE70459221F3C8D00371636 /* FloatLabelTextView.swift in Sources */ = {isa = PBXBuildFile; fileRef = EAE70458221F3C8D00371636 /* FloatLabelTextView.swift */; };
/* End PBXBuildFile section */

/* Begin PBXContainerItemProxy section */
		EA0D646421992AD50015BEAA /* PBXContainerItemProxy */ = {
			isa = PBXContainerItemProxy;
			containerPortal = EA0D644521992AD40015BEAA /* Project object */;
			proxyType = 1;
			remoteGlobalIDString = EA0D644C21992AD40015BEAA;
			remoteInfo = SouthernSales;
		};
		EA0D646F21992AD50015BEAA /* PBXContainerItemProxy */ = {
			isa = PBXContainerItemProxy;
			containerPortal = EA0D644521992AD40015BEAA /* Project object */;
			proxyType = 1;
			remoteGlobalIDString = EA0D644C21992AD40015BEAA;
			remoteInfo = SouthernSales;
		};
		EA22A660221AF6F40072259B /* PBXContainerItemProxy */ = {
			isa = PBXContainerItemProxy;
			containerPortal = EA0D644521992AD40015BEAA /* Project object */;
			proxyType = 1;
			remoteGlobalIDString = EA0D644C21992AD40015BEAA;
			remoteInfo = SouthernSales;
		};
/* End PBXContainerItemProxy section */

/* Begin PBXFileReference section */
		54C44FE8FE81FF70D3A7EDF1 /* Pods_SouthernSales_SouthernSalesTests.framework */ = {isa = PBXFileReference; explicitFileType = wrapper.framework; includeInIndex = 0; path = Pods_SouthernSales_SouthernSalesTests.framework; sourceTree = BUILT_PRODUCTS_DIR; };
		565546D3E9C492C20E85E76F /* Pods-SouthernSales-SouthernSalesUITests.debug.xcconfig */ = {isa = PBXFileReference; includeInIndex = 1; lastKnownFileType = text.xcconfig; name = "Pods-SouthernSales-SouthernSalesUITests.debug.xcconfig"; path = "Pods/Target Support Files/Pods-SouthernSales-SouthernSalesUITests/Pods-SouthernSales-SouthernSalesUITests.debug.xcconfig"; sourceTree = "<group>"; };
		7FF451D5DD13F23E00A16DD8 /* Pods_SouthernSales_SouthernSalesUITests.framework */ = {isa = PBXFileReference; explicitFileType = wrapper.framework; includeInIndex = 0; path = Pods_SouthernSales_SouthernSalesUITests.framework; sourceTree = BUILT_PRODUCTS_DIR; };
		8CC69A903975771A36C54611 /* Pods-SouthernSales.debug.xcconfig */ = {isa = PBXFileReference; includeInIndex = 1; lastKnownFileType = text.xcconfig; name = "Pods-SouthernSales.debug.xcconfig"; path = "Pods/Target Support Files/Pods-SouthernSales/Pods-SouthernSales.debug.xcconfig"; sourceTree = "<group>"; };
		95E1AE2BD35985523983D391 /* Pods-SouthernSales-SouthernSalesUITests.release.xcconfig */ = {isa = PBXFileReference; includeInIndex = 1; lastKnownFileType = text.xcconfig; name = "Pods-SouthernSales-SouthernSalesUITests.release.xcconfig"; path = "Pods/Target Support Files/Pods-SouthernSales-SouthernSalesUITests/Pods-SouthernSales-SouthernSalesUITests.release.xcconfig"; sourceTree = "<group>"; };
		9D50989635B928C27393BF76 /* Pods_SouthernSalesTests.framework */ = {isa = PBXFileReference; explicitFileType = wrapper.framework; includeInIndex = 0; path = Pods_SouthernSalesTests.framework; sourceTree = BUILT_PRODUCTS_DIR; };
		A6873F8A381D21952B49BE75 /* Pods-SouthernSalesTests.debug.xcconfig */ = {isa = PBXFileReference; includeInIndex = 1; lastKnownFileType = text.xcconfig; name = "Pods-SouthernSalesTests.debug.xcconfig"; path = "Pods/Target Support Files/Pods-SouthernSalesTests/Pods-SouthernSalesTests.debug.xcconfig"; sourceTree = "<group>"; };
		B80FCE9EB87A06400F508BC9 /* Pods-SouthernSales-SouthernSalesTests.release.xcconfig */ = {isa = PBXFileReference; includeInIndex = 1; lastKnownFileType = text.xcconfig; name = "Pods-SouthernSales-SouthernSalesTests.release.xcconfig"; path = "Pods/Target Support Files/Pods-SouthernSales-SouthernSalesTests/Pods-SouthernSales-SouthernSalesTests.release.xcconfig"; sourceTree = "<group>"; };
		BC6E4EE93EA6C7AE0FEA0DC4 /* Pods-SouthernSalesTests.release.xcconfig */ = {isa = PBXFileReference; includeInIndex = 1; lastKnownFileType = text.xcconfig; name = "Pods-SouthernSalesTests.release.xcconfig"; path = "Pods/Target Support Files/Pods-SouthernSalesTests/Pods-SouthernSalesTests.release.xcconfig"; sourceTree = "<group>"; };
		BCC458B193AFA633321D92CD /* Pods_SouthernSales.framework */ = {isa = PBXFileReference; explicitFileType = wrapper.framework; includeInIndex = 0; path = Pods_SouthernSales.framework; sourceTree = BUILT_PRODUCTS_DIR; };
		DA10995B62B2C7FF4B842057 /* Pods-SouthernSales-SouthernSalesTests.debug.xcconfig */ = {isa = PBXFileReference; includeInIndex = 1; lastKnownFileType = text.xcconfig; name = "Pods-SouthernSales-SouthernSalesTests.debug.xcconfig"; path = "Pods/Target Support Files/Pods-SouthernSales-SouthernSalesTests/Pods-SouthernSales-SouthernSalesTests.debug.xcconfig"; sourceTree = "<group>"; };
		EA0D644D21992AD40015BEAA /* SouthernSales.app */ = {isa = PBXFileReference; explicitFileType = wrapper.application; includeInIndex = 0; path = SouthernSales.app; sourceTree = BUILT_PRODUCTS_DIR; };
		EA0D645021992AD40015BEAA /* AppDelegate.swift */ = {isa = PBXFileReference; lastKnownFileType = sourcecode.swift; path = AppDelegate.swift; sourceTree = "<group>"; };
		EA0D645721992AD40015BEAA /* Base */ = {isa = PBXFileReference; lastKnownFileType = file.storyboard; name = Base; path = Base.lproj/Main.storyboard; sourceTree = "<group>"; };
		EA0D645921992AD50015BEAA /* Assets.xcassets */ = {isa = PBXFileReference; lastKnownFileType = folder.assetcatalog; path = Assets.xcassets; sourceTree = "<group>"; };
		EA0D645C21992AD50015BEAA /* Base */ = {isa = PBXFileReference; lastKnownFileType = file.storyboard; name = Base; path = Base.lproj/LaunchScreen.storyboard; sourceTree = "<group>"; };
		EA0D645E21992AD50015BEAA /* Info.plist */ = {isa = PBXFileReference; lastKnownFileType = text.plist.xml; path = Info.plist; sourceTree = "<group>"; };
		EA0D646321992AD50015BEAA /* SouthernSalesTests.xctest */ = {isa = PBXFileReference; explicitFileType = wrapper.cfbundle; includeInIndex = 0; path = SouthernSalesTests.xctest; sourceTree = BUILT_PRODUCTS_DIR; };
		EA0D646721992AD50015BEAA /* SouthernSalesTests.swift */ = {isa = PBXFileReference; lastKnownFileType = sourcecode.swift; path = SouthernSalesTests.swift; sourceTree = "<group>"; };
		EA0D646921992AD50015BEAA /* Info.plist */ = {isa = PBXFileReference; lastKnownFileType = text.plist.xml; path = Info.plist; sourceTree = "<group>"; };
		EA0D646E21992AD50015BEAA /* SouthernSalesUITests.xctest */ = {isa = PBXFileReference; explicitFileType = wrapper.cfbundle; includeInIndex = 0; path = SouthernSalesUITests.xctest; sourceTree = BUILT_PRODUCTS_DIR; };
		EA0D647221992AD50015BEAA /* SouthernSalesUITests.swift */ = {isa = PBXFileReference; lastKnownFileType = sourcecode.swift; path = SouthernSalesUITests.swift; sourceTree = "<group>"; };
		EA0D647421992AD60015BEAA /* Info.plist */ = {isa = PBXFileReference; lastKnownFileType = text.plist.xml; path = Info.plist; sourceTree = "<group>"; };
		EA19193D21A1AF2B0053C68E /* GoogleService-Info.plist */ = {isa = PBXFileReference; fileEncoding = 4; lastKnownFileType = text.plist.xml; path = "GoogleService-Info.plist"; sourceTree = "<group>"; };
		EA19194221A1E3130053C68E /* ListingsCollectionViewCell.swift */ = {isa = PBXFileReference; lastKnownFileType = sourcecode.swift; path = ListingsCollectionViewCell.swift; sourceTree = "<group>"; };
		EA19194321A1E3130053C68E /* ListingsCollectionViewCell.xib */ = {isa = PBXFileReference; lastKnownFileType = file.xib; path = ListingsCollectionViewCell.xib; sourceTree = "<group>"; };
		EA19194A21A1FD8A0053C68E /* PostViewController.swift */ = {isa = PBXFileReference; lastKnownFileType = sourcecode.swift; path = PostViewController.swift; sourceTree = "<group>"; };
		EA19194C21A200B40053C68E /* Utility.swift */ = {isa = PBXFileReference; lastKnownFileType = sourcecode.swift; path = Utility.swift; sourceTree = "<group>"; };
		EA19195121A268360053C68E /* User.swift */ = {isa = PBXFileReference; lastKnownFileType = sourcecode.swift; path = User.swift; sourceTree = "<group>"; };
		EA1B6C46224D213700C79AD3 /* SouthernSales.entitlements */ = {isa = PBXFileReference; lastKnownFileType = text.plist.entitlements; path = SouthernSales.entitlements; sourceTree = "<group>"; };
		EA1B6C47224D228E00C79AD3 /* credits.md */ = {isa = PBXFileReference; fileEncoding = 4; lastKnownFileType = net.daringfireball.markdown; path = credits.md; sourceTree = SOURCE_ROOT; };
		EA2017F2223F408300C841C0 /* SignInViewController.swift */ = {isa = PBXFileReference; lastKnownFileType = sourcecode.swift; path = SignInViewController.swift; sourceTree = "<group>"; };
		EA22A65B221AF6F40072259B /* SouthernSalesModelTests.xctest */ = {isa = PBXFileReference; explicitFileType = wrapper.cfbundle; includeInIndex = 0; path = SouthernSalesModelTests.xctest; sourceTree = BUILT_PRODUCTS_DIR; };
		EA22A665221B3C930072259B /* Listing.swift */ = {isa = PBXFileReference; lastKnownFileType = sourcecode.swift; path = Listing.swift; sourceTree = "<group>"; };
		EA306B3021C7235E00E3A1E4 /* SplashViewController.swift */ = {isa = PBXFileReference; lastKnownFileType = sourcecode.swift; path = SplashViewController.swift; sourceTree = "<group>"; };
		EA3DAF0F22235C15009CBFB1 /* OnboardingViewController.swift */ = {isa = PBXFileReference; lastKnownFileType = sourcecode.swift; path = OnboardingViewController.swift; sourceTree = "<group>"; };
		EA7A68582199EAF70026C7DE /* SavedCollectionViewController.swift */ = {isa = PBXFileReference; lastKnownFileType = sourcecode.swift; path = SavedCollectionViewController.swift; sourceTree = "<group>"; };
		EA7A685A2199EB050026C7DE /* MessagesTableViewController.swift */ = {isa = PBXFileReference; lastKnownFileType = sourcecode.swift; path = MessagesTableViewController.swift; sourceTree = "<group>"; };
		EA7A685C2199EB130026C7DE /* ProfileViewController.swift */ = {isa = PBXFileReference; lastKnownFileType = sourcecode.swift; path = ProfileViewController.swift; sourceTree = "<group>"; };
		EA7A685F219A0AFF0026C7DE /* ListingsViewController.swift */ = {isa = PBXFileReference; lastKnownFileType = sourcecode.swift; path = ListingsViewController.swift; sourceTree = "<group>"; };
		EAC05CAE21F6C1DB00F91634 /* Messages.storyboard */ = {isa = PBXFileReference; fileEncoding = 4; lastKnownFileType = file.storyboard; path = Messages.storyboard; sourceTree = "<group>"; };
		EAC05CB021F6C23000F91634 /* ViewListingViewController.swift */ = {isa = PBXFileReference; lastKnownFileType = sourcecode.swift; name = ViewListingViewController.swift; path = SouthernSales/Controllers/ViewListingViewController.swift; sourceTree = SOURCE_ROOT; };
		EAC05CB221F6C38B00F91634 /* Constants.swift */ = {isa = PBXFileReference; lastKnownFileType = sourcecode.swift; path = Constants.swift; sourceTree = "<group>"; };
		EAD0D2E522516D6300D648B0 /* MarkdownViewController.swift */ = {isa = PBXFileReference; lastKnownFileType = sourcecode.swift; path = MarkdownViewController.swift; sourceTree = "<group>"; };
		EADA9C5D21A8890600826C28 /* SettingsTableViewController.swift */ = {isa = PBXFileReference; lastKnownFileType = sourcecode.swift; path = SettingsTableViewController.swift; sourceTree = "<group>"; };
		EAE70458221F3C8D00371636 /* FloatLabelTextView.swift */ = {isa = PBXFileReference; fileEncoding = 4; lastKnownFileType = sourcecode.swift; path = FloatLabelTextView.swift; sourceTree = "<group>"; };
		FB97ED0ABD4C2764CDA43E8D /* Pods-SouthernSales.release.xcconfig */ = {isa = PBXFileReference; includeInIndex = 1; lastKnownFileType = text.xcconfig; name = "Pods-SouthernSales.release.xcconfig"; path = "Pods/Target Support Files/Pods-SouthernSales/Pods-SouthernSales.release.xcconfig"; sourceTree = "<group>"; };
/* End PBXFileReference section */

/* Begin PBXFrameworksBuildPhase section */
		EA0D644A21992AD40015BEAA /* Frameworks */ = {
			isa = PBXFrameworksBuildPhase;
			buildActionMask = 2147483647;
			files = (
				0B0E525E6B734CCA7ED68EB1 /* Pods_SouthernSales.framework in Frameworks */,
			);
			runOnlyForDeploymentPostprocessing = 0;
		};
		EA0D646021992AD50015BEAA /* Frameworks */ = {
			isa = PBXFrameworksBuildPhase;
			buildActionMask = 2147483647;
			files = (
				DB6A046A602F7BB90DA852BD /* Pods_SouthernSales_SouthernSalesTests.framework in Frameworks */,
				E4CA074FB7A2B6777FE91CF0 /* Pods_SouthernSalesTests.framework in Frameworks */,
			);
			runOnlyForDeploymentPostprocessing = 0;
		};
		EA0D646B21992AD50015BEAA /* Frameworks */ = {
			isa = PBXFrameworksBuildPhase;
			buildActionMask = 2147483647;
			files = (
				5B6F46D524180A1375061386 /* Pods_SouthernSales_SouthernSalesUITests.framework in Frameworks */,
			);
			runOnlyForDeploymentPostprocessing = 0;
		};
		EA22A658221AF6F40072259B /* Frameworks */ = {
			isa = PBXFrameworksBuildPhase;
			buildActionMask = 2147483647;
			files = (
			);
			runOnlyForDeploymentPostprocessing = 0;
		};
/* End PBXFrameworksBuildPhase section */

/* Begin PBXGroup section */
		A2A1F3807C5C7432278823C3 /* Frameworks */ = {
			isa = PBXGroup;
			children = (
				BCC458B193AFA633321D92CD /* Pods_SouthernSales.framework */,
				54C44FE8FE81FF70D3A7EDF1 /* Pods_SouthernSales_SouthernSalesTests.framework */,
				7FF451D5DD13F23E00A16DD8 /* Pods_SouthernSales_SouthernSalesUITests.framework */,
				9D50989635B928C27393BF76 /* Pods_SouthernSalesTests.framework */,
			);
			name = Frameworks;
			sourceTree = "<group>";
		};
		AE6DDA79245A27A3017D854A /* Pods */ = {
			isa = PBXGroup;
			children = (
				8CC69A903975771A36C54611 /* Pods-SouthernSales.debug.xcconfig */,
				FB97ED0ABD4C2764CDA43E8D /* Pods-SouthernSales.release.xcconfig */,
				DA10995B62B2C7FF4B842057 /* Pods-SouthernSales-SouthernSalesTests.debug.xcconfig */,
				B80FCE9EB87A06400F508BC9 /* Pods-SouthernSales-SouthernSalesTests.release.xcconfig */,
				565546D3E9C492C20E85E76F /* Pods-SouthernSales-SouthernSalesUITests.debug.xcconfig */,
				95E1AE2BD35985523983D391 /* Pods-SouthernSales-SouthernSalesUITests.release.xcconfig */,
				A6873F8A381D21952B49BE75 /* Pods-SouthernSalesTests.debug.xcconfig */,
				BC6E4EE93EA6C7AE0FEA0DC4 /* Pods-SouthernSalesTests.release.xcconfig */,
			);
			name = Pods;
			sourceTree = "<group>";
		};
		EA0D644421992AD40015BEAA = {
			isa = PBXGroup;
			children = (
				EA0D644F21992AD40015BEAA /* SouthernSales */,
				EA0D646621992AD50015BEAA /* SouthernSalesTests */,
				EA0D647121992AD50015BEAA /* SouthernSalesUITests */,
				EA0D644E21992AD40015BEAA /* Products */,
				AE6DDA79245A27A3017D854A /* Pods */,
				A2A1F3807C5C7432278823C3 /* Frameworks */,
			);
			sourceTree = "<group>";
		};
		EA0D644E21992AD40015BEAA /* Products */ = {
			isa = PBXGroup;
			children = (
				EA0D644D21992AD40015BEAA /* SouthernSales.app */,
				EA0D646321992AD50015BEAA /* SouthernSalesTests.xctest */,
				EA0D646E21992AD50015BEAA /* SouthernSalesUITests.xctest */,
				EA22A65B221AF6F40072259B /* SouthernSalesModelTests.xctest */,
			);
			name = Products;
			sourceTree = "<group>";
		};
		EA0D644F21992AD40015BEAA /* SouthernSales */ = {
			isa = PBXGroup;
			children = (
				EA1B6C46224D213700C79AD3 /* SouthernSales.entitlements */,
				EA19194021A1E2D40053C68E /* Models */,
				EA19194121A1E2E10053C68E /* Views */,
				EA0D648221992B810015BEAA /* Controllers */,
				EA0D648021992B660015BEAA /* Storyboards */,
				EA0D648121992B7A0015BEAA /* Supporting Files */,
			);
			path = SouthernSales;
			sourceTree = "<group>";
		};
		EA0D646621992AD50015BEAA /* SouthernSalesTests */ = {
			isa = PBXGroup;
			children = (
				EA0D646721992AD50015BEAA /* SouthernSalesTests.swift */,
				EA0D646921992AD50015BEAA /* Info.plist */,
			);
			path = SouthernSalesTests;
			sourceTree = "<group>";
		};
		EA0D647121992AD50015BEAA /* SouthernSalesUITests */ = {
			isa = PBXGroup;
			children = (
				EA0D647221992AD50015BEAA /* SouthernSalesUITests.swift */,
				EA0D647421992AD60015BEAA /* Info.plist */,
			);
			path = SouthernSalesUITests;
			sourceTree = "<group>";
		};
		EA0D648021992B660015BEAA /* Storyboards */ = {
			isa = PBXGroup;
			children = (
				EA0D645621992AD40015BEAA /* Main.storyboard */,
				EAC05CAE21F6C1DB00F91634 /* Messages.storyboard */,
				EA0D645B21992AD50015BEAA /* LaunchScreen.storyboard */,
			);
			path = Storyboards;
			sourceTree = "<group>";
		};
		EA0D648121992B7A0015BEAA /* Supporting Files */ = {
			isa = PBXGroup;
			children = (
				EA1B6C47224D228E00C79AD3 /* credits.md */,
				EAE70458221F3C8D00371636 /* FloatLabelTextView.swift */,
				EA0D645021992AD40015BEAA /* AppDelegate.swift */,
				EA0D645921992AD50015BEAA /* Assets.xcassets */,
				EA19193D21A1AF2B0053C68E /* GoogleService-Info.plist */,
				EA0D645E21992AD50015BEAA /* Info.plist */,
				EA19194C21A200B40053C68E /* Utility.swift */,
				EAC05CB221F6C38B00F91634 /* Constants.swift */,
			);
			path = "Supporting Files";
			sourceTree = "<group>";
		};
		EA0D648221992B810015BEAA /* Controllers */ = {
			isa = PBXGroup;
			children = (
				EA7A685F219A0AFF0026C7DE /* ListingsViewController.swift */,
				EAC05CB021F6C23000F91634 /* ViewListingViewController.swift */,
				EA7A68582199EAF70026C7DE /* SavedCollectionViewController.swift */,
				EA19194A21A1FD8A0053C68E /* PostViewController.swift */,
				EA7A685A2199EB050026C7DE /* MessagesTableViewController.swift */,
				EA7A685C2199EB130026C7DE /* ProfileViewController.swift */,
				EADA9C5D21A8890600826C28 /* SettingsTableViewController.swift */,
				EA306B3021C7235E00E3A1E4 /* SplashViewController.swift */,
				EA3DAF0F22235C15009CBFB1 /* OnboardingViewController.swift */,
				EA2017F2223F408300C841C0 /* SignInViewController.swift */,
				EAD0D2E522516D6300D648B0 /* MarkdownViewController.swift */,
			);
			path = Controllers;
			sourceTree = "<group>";
		};
		EA19194021A1E2D40053C68E /* Models */ = {
			isa = PBXGroup;
			children = (
				EA19195121A268360053C68E /* User.swift */,
				EA22A665221B3C930072259B /* Listing.swift */,
			);
			path = Models;
			sourceTree = "<group>";
		};
		EA19194121A1E2E10053C68E /* Views */ = {
			isa = PBXGroup;
			children = (
				EA19194221A1E3130053C68E /* ListingsCollectionViewCell.swift */,
				EA19194321A1E3130053C68E /* ListingsCollectionViewCell.xib */,
			);
			path = Views;
			sourceTree = "<group>";
		};
/* End PBXGroup section */

/* Begin PBXNativeTarget section */
		EA0D644C21992AD40015BEAA /* SouthernSales */ = {
			isa = PBXNativeTarget;
			buildConfigurationList = EA0D647721992AD60015BEAA /* Build configuration list for PBXNativeTarget "SouthernSales" */;
			buildPhases = (
				5B88FD00EA780B9FE1104EB8 /* [CP] Check Pods Manifest.lock */,
				EA0D644921992AD40015BEAA /* Sources */,
				EA0D644A21992AD40015BEAA /* Frameworks */,
				EA0D644B21992AD40015BEAA /* Resources */,
				EA19193F21A1B3140053C68E /* Crashalytics Run Script */,
				0D4F24073428F80EA8CA6974 /* [CP] Embed Pods Frameworks */,
				F944269007CE6D6DA9730FA8 /* [CP] Copy Pods Resources */,
			);
			buildRules = (
			);
			dependencies = (
			);
			name = SouthernSales;
			productName = SouthernSales;
			productReference = EA0D644D21992AD40015BEAA /* SouthernSales.app */;
			productType = "com.apple.product-type.application";
		};
		EA0D646221992AD50015BEAA /* SouthernSalesTests */ = {
			isa = PBXNativeTarget;
			buildConfigurationList = EA0D647A21992AD60015BEAA /* Build configuration list for PBXNativeTarget "SouthernSalesTests" */;
			buildPhases = (
				561548C792613E9400CA54F1 /* [CP] Check Pods Manifest.lock */,
				EA0D645F21992AD50015BEAA /* Sources */,
				EA0D646021992AD50015BEAA /* Frameworks */,
				EA0D646121992AD50015BEAA /* Resources */,
			);
			buildRules = (
			);
			dependencies = (
				EA0D646521992AD50015BEAA /* PBXTargetDependency */,
			);
			name = SouthernSalesTests;
			productName = SouthernSalesTests;
			productReference = EA0D646321992AD50015BEAA /* SouthernSalesTests.xctest */;
			productType = "com.apple.product-type.bundle.unit-test";
		};
		EA0D646D21992AD50015BEAA /* SouthernSalesUITests */ = {
			isa = PBXNativeTarget;
			buildConfigurationList = EA0D647D21992AD60015BEAA /* Build configuration list for PBXNativeTarget "SouthernSalesUITests" */;
			buildPhases = (
				D3BDCE45A139043E883A1293 /* [CP] Check Pods Manifest.lock */,
				EA0D646A21992AD50015BEAA /* Sources */,
				EA0D646B21992AD50015BEAA /* Frameworks */,
				EA0D646C21992AD50015BEAA /* Resources */,
				EDA276816563B9F4C5A5903E /* [CP] Embed Pods Frameworks */,
				0EDA5AC0AB7283B9FAC3C879 /* [CP] Copy Pods Resources */,
			);
			buildRules = (
			);
			dependencies = (
				EA0D647021992AD50015BEAA /* PBXTargetDependency */,
			);
			name = SouthernSalesUITests;
			productName = SouthernSalesUITests;
			productReference = EA0D646E21992AD50015BEAA /* SouthernSalesUITests.xctest */;
			productType = "com.apple.product-type.bundle.ui-testing";
		};
		EA22A65A221AF6F40072259B /* SouthernSalesModelTests */ = {
			isa = PBXNativeTarget;
			buildConfigurationList = EA22A664221AF6F40072259B /* Build configuration list for PBXNativeTarget "SouthernSalesModelTests" */;
			buildPhases = (
				EA22A657221AF6F40072259B /* Sources */,
				EA22A658221AF6F40072259B /* Frameworks */,
				EA22A659221AF6F40072259B /* Resources */,
			);
			buildRules = (
			);
			dependencies = (
				EA22A661221AF6F40072259B /* PBXTargetDependency */,
			);
			name = SouthernSalesModelTests;
			productName = SouthernSalesModelTests;
			productReference = EA22A65B221AF6F40072259B /* SouthernSalesModelTests.xctest */;
			productType = "com.apple.product-type.bundle.unit-test";
		};
/* End PBXNativeTarget section */

/* Begin PBXProject section */
		EA0D644521992AD40015BEAA /* Project object */ = {
			isa = PBXProject;
			attributes = {
				LastSwiftUpdateCheck = 1010;
				LastUpgradeCheck = 1010;
				ORGANIZATIONNAME = "Thomas Manu";
				TargetAttributes = {
					EA0D644C21992AD40015BEAA = {
						CreatedOnToolsVersion = 10.1;
						LastSwiftMigration = 1010;
						SystemCapabilities = {
							com.apple.BackgroundModes = {
								enabled = 1;
							};
							com.apple.Push = {
								enabled = 1;
							};
						};
					};
					EA0D646221992AD50015BEAA = {
						CreatedOnToolsVersion = 10.1;
						LastSwiftMigration = 1010;
						TestTargetID = EA0D644C21992AD40015BEAA;
					};
					EA0D646D21992AD50015BEAA = {
						CreatedOnToolsVersion = 10.1;
						LastSwiftMigration = 1010;
						TestTargetID = EA0D644C21992AD40015BEAA;
					};
					EA22A65A221AF6F40072259B = {
						CreatedOnToolsVersion = 10.1;
						TestTargetID = EA0D644C21992AD40015BEAA;
					};
				};
			};
			buildConfigurationList = EA0D644821992AD40015BEAA /* Build configuration list for PBXProject "SouthernSales" */;
			compatibilityVersion = "Xcode 9.3";
			developmentRegion = en;
			hasScannedForEncodings = 0;
			knownRegions = (
				en,
				Base,
			);
			mainGroup = EA0D644421992AD40015BEAA;
			productRefGroup = EA0D644E21992AD40015BEAA /* Products */;
			projectDirPath = "";
			projectRoot = "";
			targets = (
				EA0D644C21992AD40015BEAA /* SouthernSales */,
				EA0D646221992AD50015BEAA /* SouthernSalesTests */,
				EA0D646D21992AD50015BEAA /* SouthernSalesUITests */,
				EA22A65A221AF6F40072259B /* SouthernSalesModelTests */,
			);
		};
/* End PBXProject section */

/* Begin PBXResourcesBuildPhase section */
		EA0D644B21992AD40015BEAA /* Resources */ = {
			isa = PBXResourcesBuildPhase;
			buildActionMask = 2147483647;
			files = (
				EAC05CAF21F6C1DB00F91634 /* Messages.storyboard in Resources */,
				EA0D645D21992AD50015BEAA /* LaunchScreen.storyboard in Resources */,
				EA19194521A1E3140053C68E /* ListingsCollectionViewCell.xib in Resources */,
				EA19193E21A1AF2B0053C68E /* GoogleService-Info.plist in Resources */,
				EA0D645A21992AD50015BEAA /* Assets.xcassets in Resources */,
				EA1B6C48224D228E00C79AD3 /* credits.md in Resources */,
				EA0D645821992AD40015BEAA /* Main.storyboard in Resources */,
			);
			runOnlyForDeploymentPostprocessing = 0;
		};
		EA0D646121992AD50015BEAA /* Resources */ = {
			isa = PBXResourcesBuildPhase;
			buildActionMask = 2147483647;
			files = (
			);
			runOnlyForDeploymentPostprocessing = 0;
		};
		EA0D646C21992AD50015BEAA /* Resources */ = {
			isa = PBXResourcesBuildPhase;
			buildActionMask = 2147483647;
			files = (
			);
			runOnlyForDeploymentPostprocessing = 0;
		};
		EA22A659221AF6F40072259B /* Resources */ = {
			isa = PBXResourcesBuildPhase;
			buildActionMask = 2147483647;
			files = (
			);
			runOnlyForDeploymentPostprocessing = 0;
		};
/* End PBXResourcesBuildPhase section */

/* Begin PBXShellScriptBuildPhase section */
		0D4F24073428F80EA8CA6974 /* [CP] Embed Pods Frameworks */ = {
			isa = PBXShellScriptBuildPhase;
			buildActionMask = 2147483647;
			files = (
			);
			inputPaths = (
				"${SRCROOT}/Pods/Target Support Files/Pods-SouthernSales/Pods-SouthernSales-frameworks.sh",
				"${BUILT_PRODUCTS_DIR}/BoringSSL-GRPC/openssl_grpc.framework",
				"${BUILT_PRODUCTS_DIR}/GTMSessionFetcher/GTMSessionFetcher.framework",
				"${BUILT_PRODUCTS_DIR}/GoogleToolboxForMac/GoogleToolboxForMac.framework",
				"${BUILT_PRODUCTS_DIR}/GoogleUtilities/GoogleUtilities.framework",
				"${BUILT_PRODUCTS_DIR}/IQKeyboardManagerSwift/IQKeyboardManagerSwift.framework",
				"${BUILT_PRODUCTS_DIR}/ImageSlideshow/ImageSlideshow.framework",
				"${BUILT_PRODUCTS_DIR}/MarkdownView/MarkdownView.framework",
				"${BUILT_PRODUCTS_DIR}/MessageInputBar/MessageInputBar.framework",
				"${BUILT_PRODUCTS_DIR}/MessageKit/MessageKit.framework",
				"${BUILT_PRODUCTS_DIR}/NVActivityIndicatorView/NVActivityIndicatorView.framework",
				"${BUILT_PRODUCTS_DIR}/Protobuf/Protobuf.framework",
				"${BUILT_PRODUCTS_DIR}/PryntTrimmerView/PryntTrimmerView.framework",
				"${BUILT_PRODUCTS_DIR}/SDWebImage/SDWebImage.framework",
				"${BUILT_PRODUCTS_DIR}/SkyFloatingLabelTextField/SkyFloatingLabelTextField.framework",
				"${BUILT_PRODUCTS_DIR}/SnapKit/SnapKit.framework",
				"${BUILT_PRODUCTS_DIR}/SteviaLayout/Stevia.framework",
				"${BUILT_PRODUCTS_DIR}/YPImagePicker/YPImagePicker.framework",
				"${BUILT_PRODUCTS_DIR}/gRPC-C++/grpcpp.framework",
				"${BUILT_PRODUCTS_DIR}/gRPC-Core/grpc.framework",
				"${BUILT_PRODUCTS_DIR}/leveldb-library/leveldb.framework",
				"${BUILT_PRODUCTS_DIR}/nanopb/nanopb.framework",
				"${BUILT_PRODUCTS_DIR}/paper-onboarding/paper_onboarding.framework",
			);
			name = "[CP] Embed Pods Frameworks";
			outputPaths = (
				"${TARGET_BUILD_DIR}/${FRAMEWORKS_FOLDER_PATH}/openssl_grpc.framework",
				"${TARGET_BUILD_DIR}/${FRAMEWORKS_FOLDER_PATH}/GTMSessionFetcher.framework",
				"${TARGET_BUILD_DIR}/${FRAMEWORKS_FOLDER_PATH}/GoogleToolboxForMac.framework",
				"${TARGET_BUILD_DIR}/${FRAMEWORKS_FOLDER_PATH}/GoogleUtilities.framework",
				"${TARGET_BUILD_DIR}/${FRAMEWORKS_FOLDER_PATH}/IQKeyboardManagerSwift.framework",
				"${TARGET_BUILD_DIR}/${FRAMEWORKS_FOLDER_PATH}/ImageSlideshow.framework",
				"${TARGET_BUILD_DIR}/${FRAMEWORKS_FOLDER_PATH}/MarkdownView.framework",
				"${TARGET_BUILD_DIR}/${FRAMEWORKS_FOLDER_PATH}/MessageInputBar.framework",
				"${TARGET_BUILD_DIR}/${FRAMEWORKS_FOLDER_PATH}/MessageKit.framework",
				"${TARGET_BUILD_DIR}/${FRAMEWORKS_FOLDER_PATH}/NVActivityIndicatorView.framework",
				"${TARGET_BUILD_DIR}/${FRAMEWORKS_FOLDER_PATH}/Protobuf.framework",
				"${TARGET_BUILD_DIR}/${FRAMEWORKS_FOLDER_PATH}/PryntTrimmerView.framework",
				"${TARGET_BUILD_DIR}/${FRAMEWORKS_FOLDER_PATH}/SDWebImage.framework",
				"${TARGET_BUILD_DIR}/${FRAMEWORKS_FOLDER_PATH}/SkyFloatingLabelTextField.framework",
				"${TARGET_BUILD_DIR}/${FRAMEWORKS_FOLDER_PATH}/SnapKit.framework",
				"${TARGET_BUILD_DIR}/${FRAMEWORKS_FOLDER_PATH}/Stevia.framework",
				"${TARGET_BUILD_DIR}/${FRAMEWORKS_FOLDER_PATH}/YPImagePicker.framework",
				"${TARGET_BUILD_DIR}/${FRAMEWORKS_FOLDER_PATH}/grpcpp.framework",
				"${TARGET_BUILD_DIR}/${FRAMEWORKS_FOLDER_PATH}/grpc.framework",
				"${TARGET_BUILD_DIR}/${FRAMEWORKS_FOLDER_PATH}/leveldb.framework",
				"${TARGET_BUILD_DIR}/${FRAMEWORKS_FOLDER_PATH}/nanopb.framework",
				"${TARGET_BUILD_DIR}/${FRAMEWORKS_FOLDER_PATH}/paper_onboarding.framework",
			);
			runOnlyForDeploymentPostprocessing = 0;
			shellPath = /bin/sh;
			shellScript = "\"${SRCROOT}/Pods/Target Support Files/Pods-SouthernSales/Pods-SouthernSales-frameworks.sh\"\n";
			showEnvVarsInLog = 0;
		};
		0EDA5AC0AB7283B9FAC3C879 /* [CP] Copy Pods Resources */ = {
			isa = PBXShellScriptBuildPhase;
			buildActionMask = 2147483647;
			files = (
			);
			inputPaths = (
				"${SRCROOT}/Pods/Target Support Files/Pods-SouthernSales-SouthernSalesUITests/Pods-SouthernSales-SouthernSalesUITests-resources.sh",
				"${PODS_CONFIGURATION_BUILD_DIR}/FirebaseUI/FirebaseAuthUI.bundle",
				"${PODS_CONFIGURATION_BUILD_DIR}/FirebaseUI/FirebaseGoogleAuthUI.bundle",
				"${PODS_ROOT}/GoogleSignIn/Resources/GoogleSignIn.bundle",
			);
			name = "[CP] Copy Pods Resources";
			outputPaths = (
				"${TARGET_BUILD_DIR}/${UNLOCALIZED_RESOURCES_FOLDER_PATH}/FirebaseAuthUI.bundle",
				"${TARGET_BUILD_DIR}/${UNLOCALIZED_RESOURCES_FOLDER_PATH}/FirebaseGoogleAuthUI.bundle",
				"${TARGET_BUILD_DIR}/${UNLOCALIZED_RESOURCES_FOLDER_PATH}/GoogleSignIn.bundle",
			);
			runOnlyForDeploymentPostprocessing = 0;
			shellPath = /bin/sh;
			shellScript = "\"${SRCROOT}/Pods/Target Support Files/Pods-SouthernSales-SouthernSalesUITests/Pods-SouthernSales-SouthernSalesUITests-resources.sh\"\n";
			showEnvVarsInLog = 0;
		};
		561548C792613E9400CA54F1 /* [CP] Check Pods Manifest.lock */ = {
			isa = PBXShellScriptBuildPhase;
			buildActionMask = 2147483647;
			files = (
			);
			inputPaths = (
				"${PODS_PODFILE_DIR_PATH}/Podfile.lock",
				"${PODS_ROOT}/Manifest.lock",
			);
			name = "[CP] Check Pods Manifest.lock";
			outputPaths = (
				"$(DERIVED_FILE_DIR)/Pods-SouthernSalesTests-checkManifestLockResult.txt",
			);
			runOnlyForDeploymentPostprocessing = 0;
			shellPath = /bin/sh;
			shellScript = "diff \"${PODS_PODFILE_DIR_PATH}/Podfile.lock\" \"${PODS_ROOT}/Manifest.lock\" > /dev/null\nif [ $? != 0 ] ; then\n    # print error to STDERR\n    echo \"error: The sandbox is not in sync with the Podfile.lock. Run 'pod install' or update your CocoaPods installation.\" >&2\n    exit 1\nfi\n# This output is used by Xcode 'outputs' to avoid re-running this script phase.\necho \"SUCCESS\" > \"${SCRIPT_OUTPUT_FILE_0}\"\n";
			showEnvVarsInLog = 0;
		};
		5B88FD00EA780B9FE1104EB8 /* [CP] Check Pods Manifest.lock */ = {
			isa = PBXShellScriptBuildPhase;
			buildActionMask = 2147483647;
			files = (
			);
			inputPaths = (
				"${PODS_PODFILE_DIR_PATH}/Podfile.lock",
				"${PODS_ROOT}/Manifest.lock",
			);
			name = "[CP] Check Pods Manifest.lock";
			outputPaths = (
				"$(DERIVED_FILE_DIR)/Pods-SouthernSales-checkManifestLockResult.txt",
			);
			runOnlyForDeploymentPostprocessing = 0;
			shellPath = /bin/sh;
			shellScript = "diff \"${PODS_PODFILE_DIR_PATH}/Podfile.lock\" \"${PODS_ROOT}/Manifest.lock\" > /dev/null\nif [ $? != 0 ] ; then\n    # print error to STDERR\n    echo \"error: The sandbox is not in sync with the Podfile.lock. Run 'pod install' or update your CocoaPods installation.\" >&2\n    exit 1\nfi\n# This output is used by Xcode 'outputs' to avoid re-running this script phase.\necho \"SUCCESS\" > \"${SCRIPT_OUTPUT_FILE_0}\"\n";
			showEnvVarsInLog = 0;
		};
		D3BDCE45A139043E883A1293 /* [CP] Check Pods Manifest.lock */ = {
			isa = PBXShellScriptBuildPhase;
			buildActionMask = 2147483647;
			files = (
			);
			inputPaths = (
				"${PODS_PODFILE_DIR_PATH}/Podfile.lock",
				"${PODS_ROOT}/Manifest.lock",
			);
			name = "[CP] Check Pods Manifest.lock";
			outputPaths = (
				"$(DERIVED_FILE_DIR)/Pods-SouthernSales-SouthernSalesUITests-checkManifestLockResult.txt",
			);
			runOnlyForDeploymentPostprocessing = 0;
			shellPath = /bin/sh;
			shellScript = "diff \"${PODS_PODFILE_DIR_PATH}/Podfile.lock\" \"${PODS_ROOT}/Manifest.lock\" > /dev/null\nif [ $? != 0 ] ; then\n    # print error to STDERR\n    echo \"error: The sandbox is not in sync with the Podfile.lock. Run 'pod install' or update your CocoaPods installation.\" >&2\n    exit 1\nfi\n# This output is used by Xcode 'outputs' to avoid re-running this script phase.\necho \"SUCCESS\" > \"${SCRIPT_OUTPUT_FILE_0}\"\n";
			showEnvVarsInLog = 0;
		};
		EA19193F21A1B3140053C68E /* Crashalytics Run Script */ = {
			isa = PBXShellScriptBuildPhase;
			buildActionMask = 2147483647;
			files = (
			);
			inputPaths = (
				"$(BUILT_PRODUCTS_DIR)/$(INFOPLIST_PATH)",
			);
			name = "Crashalytics Run Script";
			outputPaths = (
			);
			runOnlyForDeploymentPostprocessing = 0;
			shellPath = /bin/sh;
			shellScript = "# Type a script or drag a script file from your workspace to insert its path.\n\"${PODS_ROOT}/Fabric/run\"\n";
		};
		EDA276816563B9F4C5A5903E /* [CP] Embed Pods Frameworks */ = {
			isa = PBXShellScriptBuildPhase;
			buildActionMask = 2147483647;
			files = (
			);
			inputPaths = (
				"${SRCROOT}/Pods/Target Support Files/Pods-SouthernSales-SouthernSalesUITests/Pods-SouthernSales-SouthernSalesUITests-frameworks.sh",
				"${BUILT_PRODUCTS_DIR}/BoringSSL-GRPC/openssl_grpc.framework",
				"${BUILT_PRODUCTS_DIR}/GTMSessionFetcher/GTMSessionFetcher.framework",
				"${BUILT_PRODUCTS_DIR}/GoogleToolboxForMac/GoogleToolboxForMac.framework",
				"${BUILT_PRODUCTS_DIR}/GoogleUtilities/GoogleUtilities.framework",
				"${BUILT_PRODUCTS_DIR}/IQKeyboardManagerSwift/IQKeyboardManagerSwift.framework",
				"${BUILT_PRODUCTS_DIR}/ImageSlideshow/ImageSlideshow.framework",
				"${BUILT_PRODUCTS_DIR}/MarkdownView/MarkdownView.framework",
				"${BUILT_PRODUCTS_DIR}/MessageInputBar/MessageInputBar.framework",
				"${BUILT_PRODUCTS_DIR}/MessageKit/MessageKit.framework",
				"${BUILT_PRODUCTS_DIR}/NVActivityIndicatorView/NVActivityIndicatorView.framework",
				"${BUILT_PRODUCTS_DIR}/Protobuf/Protobuf.framework",
				"${BUILT_PRODUCTS_DIR}/PryntTrimmerView/PryntTrimmerView.framework",
				"${BUILT_PRODUCTS_DIR}/SDWebImage/SDWebImage.framework",
				"${BUILT_PRODUCTS_DIR}/SkyFloatingLabelTextField/SkyFloatingLabelTextField.framework",
				"${BUILT_PRODUCTS_DIR}/SnapKit/SnapKit.framework",
				"${BUILT_PRODUCTS_DIR}/SteviaLayout/Stevia.framework",
				"${BUILT_PRODUCTS_DIR}/YPImagePicker/YPImagePicker.framework",
				"${BUILT_PRODUCTS_DIR}/gRPC-C++/grpcpp.framework",
				"${BUILT_PRODUCTS_DIR}/gRPC-Core/grpc.framework",
				"${BUILT_PRODUCTS_DIR}/leveldb-library/leveldb.framework",
				"${BUILT_PRODUCTS_DIR}/nanopb/nanopb.framework",
				"${BUILT_PRODUCTS_DIR}/paper-onboarding/paper_onboarding.framework",
				"${BUILT_PRODUCTS_DIR}/SwiftMonkey/SwiftMonkey.framework",
			);
			name = "[CP] Embed Pods Frameworks";
			outputPaths = (
				"${TARGET_BUILD_DIR}/${FRAMEWORKS_FOLDER_PATH}/openssl_grpc.framework",
				"${TARGET_BUILD_DIR}/${FRAMEWORKS_FOLDER_PATH}/GTMSessionFetcher.framework",
				"${TARGET_BUILD_DIR}/${FRAMEWORKS_FOLDER_PATH}/GoogleToolboxForMac.framework",
				"${TARGET_BUILD_DIR}/${FRAMEWORKS_FOLDER_PATH}/GoogleUtilities.framework",
				"${TARGET_BUILD_DIR}/${FRAMEWORKS_FOLDER_PATH}/IQKeyboardManagerSwift.framework",
				"${TARGET_BUILD_DIR}/${FRAMEWORKS_FOLDER_PATH}/ImageSlideshow.framework",
				"${TARGET_BUILD_DIR}/${FRAMEWORKS_FOLDER_PATH}/MarkdownView.framework",
				"${TARGET_BUILD_DIR}/${FRAMEWORKS_FOLDER_PATH}/MessageInputBar.framework",
				"${TARGET_BUILD_DIR}/${FRAMEWORKS_FOLDER_PATH}/MessageKit.framework",
				"${TARGET_BUILD_DIR}/${FRAMEWORKS_FOLDER_PATH}/NVActivityIndicatorView.framework",
				"${TARGET_BUILD_DIR}/${FRAMEWORKS_FOLDER_PATH}/Protobuf.framework",
				"${TARGET_BUILD_DIR}/${FRAMEWORKS_FOLDER_PATH}/PryntTrimmerView.framework",
				"${TARGET_BUILD_DIR}/${FRAMEWORKS_FOLDER_PATH}/SDWebImage.framework",
				"${TARGET_BUILD_DIR}/${FRAMEWORKS_FOLDER_PATH}/SkyFloatingLabelTextField.framework",
				"${TARGET_BUILD_DIR}/${FRAMEWORKS_FOLDER_PATH}/SnapKit.framework",
				"${TARGET_BUILD_DIR}/${FRAMEWORKS_FOLDER_PATH}/Stevia.framework",
				"${TARGET_BUILD_DIR}/${FRAMEWORKS_FOLDER_PATH}/YPImagePicker.framework",
				"${TARGET_BUILD_DIR}/${FRAMEWORKS_FOLDER_PATH}/grpcpp.framework",
				"${TARGET_BUILD_DIR}/${FRAMEWORKS_FOLDER_PATH}/grpc.framework",
				"${TARGET_BUILD_DIR}/${FRAMEWORKS_FOLDER_PATH}/leveldb.framework",
				"${TARGET_BUILD_DIR}/${FRAMEWORKS_FOLDER_PATH}/nanopb.framework",
				"${TARGET_BUILD_DIR}/${FRAMEWORKS_FOLDER_PATH}/paper_onboarding.framework",
				"${TARGET_BUILD_DIR}/${FRAMEWORKS_FOLDER_PATH}/SwiftMonkey.framework",
			);
			runOnlyForDeploymentPostprocessing = 0;
			shellPath = /bin/sh;
			shellScript = "\"${SRCROOT}/Pods/Target Support Files/Pods-SouthernSales-SouthernSalesUITests/Pods-SouthernSales-SouthernSalesUITests-frameworks.sh\"\n";
			showEnvVarsInLog = 0;
		};
		F944269007CE6D6DA9730FA8 /* [CP] Copy Pods Resources */ = {
			isa = PBXShellScriptBuildPhase;
			buildActionMask = 2147483647;
			files = (
			);
			inputPaths = (
				"${SRCROOT}/Pods/Target Support Files/Pods-SouthernSales/Pods-SouthernSales-resources.sh",
				"${PODS_CONFIGURATION_BUILD_DIR}/FirebaseUI/FirebaseAuthUI.bundle",
				"${PODS_CONFIGURATION_BUILD_DIR}/FirebaseUI/FirebaseGoogleAuthUI.bundle",
				"${PODS_ROOT}/GoogleSignIn/Resources/GoogleSignIn.bundle",
			);
			name = "[CP] Copy Pods Resources";
			outputPaths = (
				"${TARGET_BUILD_DIR}/${UNLOCALIZED_RESOURCES_FOLDER_PATH}/FirebaseAuthUI.bundle",
				"${TARGET_BUILD_DIR}/${UNLOCALIZED_RESOURCES_FOLDER_PATH}/FirebaseGoogleAuthUI.bundle",
				"${TARGET_BUILD_DIR}/${UNLOCALIZED_RESOURCES_FOLDER_PATH}/GoogleSignIn.bundle",
			);
			runOnlyForDeploymentPostprocessing = 0;
			shellPath = /bin/sh;
			shellScript = "\"${SRCROOT}/Pods/Target Support Files/Pods-SouthernSales/Pods-SouthernSales-resources.sh\"\n";
			showEnvVarsInLog = 0;
		};
/* End PBXShellScriptBuildPhase section */

/* Begin PBXSourcesBuildPhase section */
		EA0D644921992AD40015BEAA /* Sources */ = {
			isa = PBXSourcesBuildPhase;
			buildActionMask = 2147483647;
			files = (
				EA19194B21A1FD8A0053C68E /* PostViewController.swift in Sources */,
				EA19194421A1E3140053C68E /* ListingsCollectionViewCell.swift in Sources */,
				EAC05CB121F6C23000F91634 /* ViewListingViewController.swift in Sources */,
				EA0D645121992AD40015BEAA /* AppDelegate.swift in Sources */,
				EA7A685B2199EB050026C7DE /* MessagesTableViewController.swift in Sources */,
				EA7A685D2199EB130026C7DE /* ProfileViewController.swift in Sources */,
				EAE70459221F3C8D00371636 /* FloatLabelTextView.swift in Sources */,
				EA2017F3223F408300C841C0 /* SignInViewController.swift in Sources */,
				EA19194D21A200B40053C68E /* Utility.swift in Sources */,
				EAC05CB321F6C38B00F91634 /* Constants.swift in Sources */,
				EA22A666221B3C930072259B /* Listing.swift in Sources */,
				EADA9C5E21A8890600826C28 /* SettingsTableViewController.swift in Sources */,
				EA3DAF1022235C15009CBFB1 /* OnboardingViewController.swift in Sources */,
				EA7A68592199EAF70026C7DE /* SavedCollectionViewController.swift in Sources */,
				EA19195221A268360053C68E /* User.swift in Sources */,
				EAD0D2E622516D6300D648B0 /* MarkdownViewController.swift in Sources */,
				EA7A6860219A0AFF0026C7DE /* ListingsViewController.swift in Sources */,
				EA306B3121C7235E00E3A1E4 /* SplashViewController.swift in Sources */,
			);
			runOnlyForDeploymentPostprocessing = 0;
		};
		EA0D645F21992AD50015BEAA /* Sources */ = {
			isa = PBXSourcesBuildPhase;
			buildActionMask = 2147483647;
			files = (
				EA0D646821992AD50015BEAA /* SouthernSalesTests.swift in Sources */,
			);
			runOnlyForDeploymentPostprocessing = 0;
		};
		EA0D646A21992AD50015BEAA /* Sources */ = {
			isa = PBXSourcesBuildPhase;
			buildActionMask = 2147483647;
			files = (
				EA0D647321992AD50015BEAA /* SouthernSalesUITests.swift in Sources */,
			);
			runOnlyForDeploymentPostprocessing = 0;
		};
		EA22A657221AF6F40072259B /* Sources */ = {
			isa = PBXSourcesBuildPhase;
			buildActionMask = 2147483647;
			files = (
			);
			runOnlyForDeploymentPostprocessing = 0;
		};
/* End PBXSourcesBuildPhase section */

/* Begin PBXTargetDependency section */
		EA0D646521992AD50015BEAA /* PBXTargetDependency */ = {
			isa = PBXTargetDependency;
			target = EA0D644C21992AD40015BEAA /* SouthernSales */;
			targetProxy = EA0D646421992AD50015BEAA /* PBXContainerItemProxy */;
		};
		EA0D647021992AD50015BEAA /* PBXTargetDependency */ = {
			isa = PBXTargetDependency;
			target = EA0D644C21992AD40015BEAA /* SouthernSales */;
			targetProxy = EA0D646F21992AD50015BEAA /* PBXContainerItemProxy */;
		};
		EA22A661221AF6F40072259B /* PBXTargetDependency */ = {
			isa = PBXTargetDependency;
			target = EA0D644C21992AD40015BEAA /* SouthernSales */;
			targetProxy = EA22A660221AF6F40072259B /* PBXContainerItemProxy */;
		};
/* End PBXTargetDependency section */

/* Begin PBXVariantGroup section */
		EA0D645621992AD40015BEAA /* Main.storyboard */ = {
			isa = PBXVariantGroup;
			children = (
				EA0D645721992AD40015BEAA /* Base */,
			);
			name = Main.storyboard;
			sourceTree = "<group>";
		};
		EA0D645B21992AD50015BEAA /* LaunchScreen.storyboard */ = {
			isa = PBXVariantGroup;
			children = (
				EA0D645C21992AD50015BEAA /* Base */,
			);
			name = LaunchScreen.storyboard;
			sourceTree = "<group>";
		};
/* End PBXVariantGroup section */

/* Begin XCBuildConfiguration section */
		EA0D647521992AD60015BEAA /* Debug */ = {
			isa = XCBuildConfiguration;
			buildSettings = {
				ALWAYS_SEARCH_USER_PATHS = NO;
				CLANG_ANALYZER_NONNULL = YES;
				CLANG_ANALYZER_NUMBER_OBJECT_CONVERSION = YES_AGGRESSIVE;
				CLANG_CXX_LANGUAGE_STANDARD = "gnu++14";
				CLANG_CXX_LIBRARY = "libc++";
				CLANG_ENABLE_MODULES = YES;
				CLANG_ENABLE_OBJC_ARC = YES;
				CLANG_ENABLE_OBJC_WEAK = YES;
				CLANG_WARN_BLOCK_CAPTURE_AUTORELEASING = YES;
				CLANG_WARN_BOOL_CONVERSION = YES;
				CLANG_WARN_COMMA = YES;
				CLANG_WARN_CONSTANT_CONVERSION = YES;
				CLANG_WARN_DEPRECATED_OBJC_IMPLEMENTATIONS = YES;
				CLANG_WARN_DIRECT_OBJC_ISA_USAGE = YES_ERROR;
				CLANG_WARN_DOCUMENTATION_COMMENTS = YES;
				CLANG_WARN_EMPTY_BODY = YES;
				CLANG_WARN_ENUM_CONVERSION = YES;
				CLANG_WARN_INFINITE_RECURSION = YES;
				CLANG_WARN_INT_CONVERSION = YES;
				CLANG_WARN_NON_LITERAL_NULL_CONVERSION = YES;
				CLANG_WARN_OBJC_IMPLICIT_RETAIN_SELF = YES;
				CLANG_WARN_OBJC_LITERAL_CONVERSION = YES;
				CLANG_WARN_OBJC_ROOT_CLASS = YES_ERROR;
				CLANG_WARN_RANGE_LOOP_ANALYSIS = YES;
				CLANG_WARN_STRICT_PROTOTYPES = YES;
				CLANG_WARN_SUSPICIOUS_MOVE = YES;
				CLANG_WARN_UNGUARDED_AVAILABILITY = YES_AGGRESSIVE;
				CLANG_WARN_UNREACHABLE_CODE = YES;
				CLANG_WARN__DUPLICATE_METHOD_MATCH = YES;
				CODE_SIGN_IDENTITY = "iPhone Developer";
				COPY_PHASE_STRIP = NO;
				DEBUG_INFORMATION_FORMAT = dwarf;
				ENABLE_STRICT_OBJC_MSGSEND = YES;
				ENABLE_TESTABILITY = YES;
				GCC_C_LANGUAGE_STANDARD = gnu11;
				GCC_DYNAMIC_NO_PIC = NO;
				GCC_NO_COMMON_BLOCKS = YES;
				GCC_OPTIMIZATION_LEVEL = 0;
				GCC_PREPROCESSOR_DEFINITIONS = (
					"DEBUG=1",
					"$(inherited)",
				);
				GCC_WARN_64_TO_32_BIT_CONVERSION = YES;
				GCC_WARN_ABOUT_RETURN_TYPE = YES_ERROR;
				GCC_WARN_UNDECLARED_SELECTOR = YES;
				GCC_WARN_UNINITIALIZED_AUTOS = YES_AGGRESSIVE;
				GCC_WARN_UNUSED_FUNCTION = YES;
				GCC_WARN_UNUSED_VARIABLE = YES;
				IPHONEOS_DEPLOYMENT_TARGET = 10.0;
				MTL_ENABLE_DEBUG_INFO = INCLUDE_SOURCE;
				MTL_FAST_MATH = YES;
				ONLY_ACTIVE_ARCH = YES;
				SDKROOT = iphoneos;
				SWIFT_ACTIVE_COMPILATION_CONDITIONS = DEBUG;
				SWIFT_OPTIMIZATION_LEVEL = "-Onone";
			};
			name = Debug;
		};
		EA0D647621992AD60015BEAA /* Release */ = {
			isa = XCBuildConfiguration;
			buildSettings = {
				ALWAYS_SEARCH_USER_PATHS = NO;
				CLANG_ANALYZER_NONNULL = YES;
				CLANG_ANALYZER_NUMBER_OBJECT_CONVERSION = YES_AGGRESSIVE;
				CLANG_CXX_LANGUAGE_STANDARD = "gnu++14";
				CLANG_CXX_LIBRARY = "libc++";
				CLANG_ENABLE_MODULES = YES;
				CLANG_ENABLE_OBJC_ARC = YES;
				CLANG_ENABLE_OBJC_WEAK = YES;
				CLANG_WARN_BLOCK_CAPTURE_AUTORELEASING = YES;
				CLANG_WARN_BOOL_CONVERSION = YES;
				CLANG_WARN_COMMA = YES;
				CLANG_WARN_CONSTANT_CONVERSION = YES;
				CLANG_WARN_DEPRECATED_OBJC_IMPLEMENTATIONS = YES;
				CLANG_WARN_DIRECT_OBJC_ISA_USAGE = YES_ERROR;
				CLANG_WARN_DOCUMENTATION_COMMENTS = YES;
				CLANG_WARN_EMPTY_BODY = YES;
				CLANG_WARN_ENUM_CONVERSION = YES;
				CLANG_WARN_INFINITE_RECURSION = YES;
				CLANG_WARN_INT_CONVERSION = YES;
				CLANG_WARN_NON_LITERAL_NULL_CONVERSION = YES;
				CLANG_WARN_OBJC_IMPLICIT_RETAIN_SELF = YES;
				CLANG_WARN_OBJC_LITERAL_CONVERSION = YES;
				CLANG_WARN_OBJC_ROOT_CLASS = YES_ERROR;
				CLANG_WARN_RANGE_LOOP_ANALYSIS = YES;
				CLANG_WARN_STRICT_PROTOTYPES = YES;
				CLANG_WARN_SUSPICIOUS_MOVE = YES;
				CLANG_WARN_UNGUARDED_AVAILABILITY = YES_AGGRESSIVE;
				CLANG_WARN_UNREACHABLE_CODE = YES;
				CLANG_WARN__DUPLICATE_METHOD_MATCH = YES;
				CODE_SIGN_IDENTITY = "iPhone Developer";
				COPY_PHASE_STRIP = NO;
				DEBUG_INFORMATION_FORMAT = "dwarf-with-dsym";
				ENABLE_NS_ASSERTIONS = NO;
				ENABLE_STRICT_OBJC_MSGSEND = YES;
				GCC_C_LANGUAGE_STANDARD = gnu11;
				GCC_NO_COMMON_BLOCKS = YES;
				GCC_WARN_64_TO_32_BIT_CONVERSION = YES;
				GCC_WARN_ABOUT_RETURN_TYPE = YES_ERROR;
				GCC_WARN_UNDECLARED_SELECTOR = YES;
				GCC_WARN_UNINITIALIZED_AUTOS = YES_AGGRESSIVE;
				GCC_WARN_UNUSED_FUNCTION = YES;
				GCC_WARN_UNUSED_VARIABLE = YES;
				IPHONEOS_DEPLOYMENT_TARGET = 10.0;
				MTL_ENABLE_DEBUG_INFO = NO;
				MTL_FAST_MATH = YES;
				SDKROOT = iphoneos;
				SWIFT_COMPILATION_MODE = wholemodule;
				SWIFT_OPTIMIZATION_LEVEL = "-O";
				VALIDATE_PRODUCT = YES;
			};
			name = Release;
		};
		EA0D647821992AD60015BEAA /* Debug */ = {
			isa = XCBuildConfiguration;
			baseConfigurationReference = 8CC69A903975771A36C54611 /* Pods-SouthernSales.debug.xcconfig */;
			buildSettings = {
				ASSETCATALOG_COMPILER_APPICON_NAME = AppIcon;
				CODE_SIGN_ENTITLEMENTS = SouthernSales/SouthernSales.entitlements;
				CODE_SIGN_STYLE = Automatic;
				DEVELOPMENT_TEAM = 7HLV4SJH4C;
				INFOPLIST_FILE = "$(SRCROOT)/SouthernSales/Supporting Files/Info.plist";
				IPHONEOS_DEPLOYMENT_TARGET = 10.0;
				LD_RUNPATH_SEARCH_PATHS = (
					"$(inherited)",
					"@executable_path/Frameworks",
				);
				PRODUCT_BUNDLE_IDENTIFIER = com.ThomasManu.SeniorProject.SouthernSales;
				PRODUCT_NAME = "$(TARGET_NAME)";
				SWIFT_ENABLE_BATCH_MODE = No;
				SWIFT_VERSION = 4.2;
				TARGETED_DEVICE_FAMILY = 1;
			};
			name = Debug;
		};
		EA0D647921992AD60015BEAA /* Release */ = {
			isa = XCBuildConfiguration;
			baseConfigurationReference = FB97ED0ABD4C2764CDA43E8D /* Pods-SouthernSales.release.xcconfig */;
			buildSettings = {
				ASSETCATALOG_COMPILER_APPICON_NAME = AppIcon;
				CODE_SIGN_ENTITLEMENTS = SouthernSales/SouthernSales.entitlements;
				CODE_SIGN_STYLE = Automatic;
				DEVELOPMENT_TEAM = 7HLV4SJH4C;
				INFOPLIST_FILE = "$(SRCROOT)/SouthernSales/Supporting Files/Info.plist";
				IPHONEOS_DEPLOYMENT_TARGET = 10.0;
				LD_RUNPATH_SEARCH_PATHS = (
					"$(inherited)",
					"@executable_path/Frameworks",
				);
				PRODUCT_BUNDLE_IDENTIFIER = com.ThomasManu.SeniorProject.SouthernSales;
				PRODUCT_NAME = "$(TARGET_NAME)";
				SWIFT_ENABLE_BATCH_MODE = No;
				SWIFT_VERSION = 4.2;
				TARGETED_DEVICE_FAMILY = 1;
			};
			name = Release;
		};
		EA0D647B21992AD60015BEAA /* Debug */ = {
			isa = XCBuildConfiguration;
			baseConfigurationReference = A6873F8A381D21952B49BE75 /* Pods-SouthernSalesTests.debug.xcconfig */;
			buildSettings = {
				ALWAYS_EMBED_SWIFT_STANDARD_LIBRARIES = "$(inherited)";
				BUNDLE_LOADER = "$(TEST_HOST)";
				CODE_SIGN_STYLE = Automatic;
				DEVELOPMENT_TEAM = 7HLV4SJH4C;
				INFOPLIST_FILE = SouthernSalesTests/Info.plist;
				LD_RUNPATH_SEARCH_PATHS = (
					"$(inherited)",
					"@executable_path/Frameworks",
					"@loader_path/Frameworks",
				);
				PRODUCT_BUNDLE_IDENTIFIER = com.ThomasManu.SeniorProject.SouthernSalesTests;
				PRODUCT_NAME = "$(TARGET_NAME)";
				SWIFT_VERSION = 4.2;
				TARGETED_DEVICE_FAMILY = "1,2";
				TEST_HOST = "$(BUILT_PRODUCTS_DIR)/SouthernSales.app/SouthernSales";
			};
			name = Debug;
		};
		EA0D647C21992AD60015BEAA /* Release */ = {
			isa = XCBuildConfiguration;
			baseConfigurationReference = BC6E4EE93EA6C7AE0FEA0DC4 /* Pods-SouthernSalesTests.release.xcconfig */;
			buildSettings = {
				ALWAYS_EMBED_SWIFT_STANDARD_LIBRARIES = "$(inherited)";
				BUNDLE_LOADER = "$(TEST_HOST)";
				CODE_SIGN_STYLE = Automatic;
				DEVELOPMENT_TEAM = 7HLV4SJH4C;
				INFOPLIST_FILE = SouthernSalesTests/Info.plist;
				LD_RUNPATH_SEARCH_PATHS = (
					"$(inherited)",
					"@executable_path/Frameworks",
					"@loader_path/Frameworks",
				);
				PRODUCT_BUNDLE_IDENTIFIER = com.ThomasManu.SeniorProject.SouthernSalesTests;
				PRODUCT_NAME = "$(TARGET_NAME)";
				SWIFT_VERSION = 4.2;
				TARGETED_DEVICE_FAMILY = "1,2";
				TEST_HOST = "$(BUILT_PRODUCTS_DIR)/SouthernSales.app/SouthernSales";
			};
			name = Release;
		};
		EA0D647E21992AD60015BEAA /* Debug */ = {
			isa = XCBuildConfiguration;
			baseConfigurationReference = 565546D3E9C492C20E85E76F /* Pods-SouthernSales-SouthernSalesUITests.debug.xcconfig */;
			buildSettings = {
				ALWAYS_EMBED_SWIFT_STANDARD_LIBRARIES = "$(inherited)";
				CODE_SIGN_STYLE = Automatic;
				DEVELOPMENT_TEAM = 7HLV4SJH4C;
				INFOPLIST_FILE = SouthernSalesUITests/Info.plist;
				LD_RUNPATH_SEARCH_PATHS = (
					"$(inherited)",
					"@executable_path/Frameworks",
					"@loader_path/Frameworks",
				);
				PRODUCT_BUNDLE_IDENTIFIER = com.ThomasManu.SeniorProject.SouthernSalesUITests;
				PRODUCT_NAME = "$(TARGET_NAME)";
				SWIFT_VERSION = 4.2;
				TARGETED_DEVICE_FAMILY = "1,2";
				TEST_TARGET_NAME = SouthernSales;
			};
			name = Debug;
		};
		EA0D647F21992AD60015BEAA /* Release */ = {
			isa = XCBuildConfiguration;
			baseConfigurationReference = 95E1AE2BD35985523983D391 /* Pods-SouthernSales-SouthernSalesUITests.release.xcconfig */;
			buildSettings = {
				ALWAYS_EMBED_SWIFT_STANDARD_LIBRARIES = "$(inherited)";
				CODE_SIGN_STYLE = Automatic;
				DEVELOPMENT_TEAM = 7HLV4SJH4C;
				INFOPLIST_FILE = SouthernSalesUITests/Info.plist;
				LD_RUNPATH_SEARCH_PATHS = (
					"$(inherited)",
					"@executable_path/Frameworks",
					"@loader_path/Frameworks",
				);
				PRODUCT_BUNDLE_IDENTIFIER = com.ThomasManu.SeniorProject.SouthernSalesUITests;
				PRODUCT_NAME = "$(TARGET_NAME)";
				SWIFT_VERSION = 4.2;
				TARGETED_DEVICE_FAMILY = "1,2";
				TEST_TARGET_NAME = SouthernSales;
			};
			name = Release;
		};
		EA22A662221AF6F40072259B /* Debug */ = {
			isa = XCBuildConfiguration;
			buildSettings = {
				BUNDLE_LOADER = "$(TEST_HOST)";
				CODE_SIGN_STYLE = Automatic;
				DEVELOPMENT_TEAM = 7HLV4SJH4C;
				INFOPLIST_FILE = SouthernSalesModelTests/Info.plist;
				IPHONEOS_DEPLOYMENT_TARGET = 12.1;
				LD_RUNPATH_SEARCH_PATHS = (
					"$(inherited)",
					"@executable_path/Frameworks",
					"@loader_path/Frameworks",
				);
				PRODUCT_BUNDLE_IDENTIFIER = com.SeniorProject.SouthernSalesModelTests;
				PRODUCT_NAME = "$(TARGET_NAME)";
				SWIFT_VERSION = 4.2;
				TARGETED_DEVICE_FAMILY = "1,2";
				TEST_HOST = "$(BUILT_PRODUCTS_DIR)/SouthernSales.app/SouthernSales";
			};
			name = Debug;
		};
		EA22A663221AF6F40072259B /* Release */ = {
			isa = XCBuildConfiguration;
			buildSettings = {
				BUNDLE_LOADER = "$(TEST_HOST)";
				CODE_SIGN_STYLE = Automatic;
				DEVELOPMENT_TEAM = 7HLV4SJH4C;
				INFOPLIST_FILE = SouthernSalesModelTests/Info.plist;
				IPHONEOS_DEPLOYMENT_TARGET = 12.1;
				LD_RUNPATH_SEARCH_PATHS = (
					"$(inherited)",
					"@executable_path/Frameworks",
					"@loader_path/Frameworks",
				);
				PRODUCT_BUNDLE_IDENTIFIER = com.SeniorProject.SouthernSalesModelTests;
				PRODUCT_NAME = "$(TARGET_NAME)";
				SWIFT_VERSION = 4.2;
				TARGETED_DEVICE_FAMILY = "1,2";
				TEST_HOST = "$(BUILT_PRODUCTS_DIR)/SouthernSales.app/SouthernSales";
			};
			name = Release;
		};
/* End XCBuildConfiguration section */

/* Begin XCConfigurationList section */
		EA0D644821992AD40015BEAA /* Build configuration list for PBXProject "SouthernSales" */ = {
			isa = XCConfigurationList;
			buildConfigurations = (
				EA0D647521992AD60015BEAA /* Debug */,
				EA0D647621992AD60015BEAA /* Release */,
			);
			defaultConfigurationIsVisible = 0;
			defaultConfigurationName = Release;
		};
		EA0D647721992AD60015BEAA /* Build configuration list for PBXNativeTarget "SouthernSales" */ = {
			isa = XCConfigurationList;
			buildConfigurations = (
				EA0D647821992AD60015BEAA /* Debug */,
				EA0D647921992AD60015BEAA /* Release */,
			);
			defaultConfigurationIsVisible = 0;
			defaultConfigurationName = Release;
		};
		EA0D647A21992AD60015BEAA /* Build configuration list for PBXNativeTarget "SouthernSalesTests" */ = {
			isa = XCConfigurationList;
			buildConfigurations = (
				EA0D647B21992AD60015BEAA /* Debug */,
				EA0D647C21992AD60015BEAA /* Release */,
			);
			defaultConfigurationIsVisible = 0;
			defaultConfigurationName = Release;
		};
		EA0D647D21992AD60015BEAA /* Build configuration list for PBXNativeTarget "SouthernSalesUITests" */ = {
			isa = XCConfigurationList;
			buildConfigurations = (
				EA0D647E21992AD60015BEAA /* Debug */,
				EA0D647F21992AD60015BEAA /* Release */,
			);
			defaultConfigurationIsVisible = 0;
			defaultConfigurationName = Release;
		};
		EA22A664221AF6F40072259B /* Build configuration list for PBXNativeTarget "SouthernSalesModelTests" */ = {
			isa = XCConfigurationList;
			buildConfigurations = (
				EA22A662221AF6F40072259B /* Debug */,
				EA22A663221AF6F40072259B /* Release */,
			);
			defaultConfigurationIsVisible = 0;
			defaultConfigurationName = Release;
		};
/* End XCConfigurationList section */
	};
	rootObject = EA0D644521992AD40015BEAA /* Project object */;
}
